
Microsoft Visual Studio Solution File, Format Version 12.00
# Visual Studio 15
VisualStudioVersion = 15.0.27703.2018
MinimumVisualStudioVersion = 10.0.40219.1
Project("{FAE04EC0-301F-11D3-BF4B-00C04F79EFBC}") = "CommonRescource", "CommonRescource\CommonRescource.csproj", "{CD29EE0E-6BE9-4A57-839F-1DA5F2ADC4BD}"
EndProject
Project("{FAE04EC0-301F-11D3-BF4B-00C04F79EFBC}") = "CommonLabrary", "CommonLabrary\CommonLabrary.csproj", "{32C0C0C7-35FE-4FE4-848E-20D5FFFA1F6E}"
EndProject
Project("{FAE04EC0-301F-11D3-BF4B-00C04F79EFBC}") = "xml序列化", "xml序列化\xml序列化.csproj", "{BCD481D0-05EA-4135-AFA6-7F0F41425B4A}"
EndProject
Project("{FAE04EC0-301F-11D3-BF4B-00C04F79EFBC}") = "Com.Zhang.Log", "Com.Zhang.Log\Com.Zhang.Log.csproj", "{DC8111D0-9D3B-432D-BE93-704E657FF6A0}"
EndProject
Project("{FAE04EC0-301F-11D3-BF4B-00C04F79EFBC}") = "磁盘操作", "磁盘操作\磁盘操作.csproj", "{131C5FFB-6A93-4BA3-952C-0BCF564F0403}"
EndProject
Project("{FAE04EC0-301F-11D3-BF4B-00C04F79EFBC}") = "Blend", "Blend\Blend.csproj", "{4426A808-CF54-4CA5-A703-450322CFBFE5}"
EndProject
Project("{FAE04EC0-301F-11D3-BF4B-00C04F79EFBC}") = "Com.Zhang.Common", "Com.Zhang.Common\Com.Zhang.Common.csproj", "{103F8339-EDF3-400A-A643-98E18B0D5F8C}"
EndProject
Project("{FAE04EC0-301F-11D3-BF4B-00C04F79EFBC}") = "BlendBookDemo", "BlendBookDemo\BlendBookDemo.csproj", "{92A817BB-36FE-4BE1-83B8-E01447400489}"
EndProject
Project("{FAE04EC0-301F-11D3-BF4B-00C04F79EFBC}") = "wpf放大镜", "wpf放大镜\wpf放大镜.csproj", "{C7DF5F9A-3AD4-437E-8BFE-857D16E8BDE3}"
EndProject
Project("{FAE04EC0-301F-11D3-BF4B-00C04F79EFBC}") = "Wpf动画", "Wpf动画\Wpf动画.csproj", "{5C3957DD-A7BE-4ABA-93AE-092F718AE5EA}"
EndProject
Project("{FAE04EC0-301F-11D3-BF4B-00C04F79EFBC}") = "WpfCollectionDemo1", "WpfCollectionDemo1\WpfCollectionDemo1.csproj", "{34029E17-15CB-4379-A7F5-FF2811337DF9}"
EndProject
Project("{FAE04EC0-301F-11D3-BF4B-00C04F79EFBC}") = "TestModel", "TestModel\TestModel.csproj", "{761B72D0-6AE5-40CF-A7F6-63149DB55100}"
EndProject
Project("{D954291E-2A0B-460D-934E-DC6B0785DB48}") = "UserControl", "UserControl\UserControl.shproj", "{337547B3-3857-4DAD-936C-CC3B15879C18}"
EndProject
Project("{FAE04EC0-301F-11D3-BF4B-00C04F79EFBC}") = "CommonLibrary", "CommonLibrary\CommonLibrary.csproj", "{06658A04-037E-4D95-8B68-CA100435FE6F}"
EndProject
Project("{FAE04EC0-301F-11D3-BF4B-00C04F79EFBC}") = "MVVM绑定", "MVVM绑定\MVVM绑定.csproj", "{65D90DBC-8C17-4387-B865-16973F329DCD}"
EndProject
Project("{FAE04EC0-301F-11D3-BF4B-00C04F79EFBC}") = "嵌入第三方应用程序", "嵌入第三方应用程序\嵌入第三方应用程序.csproj", "{D070DA3C-B9A7-4A01-9AD8-724F923076EA}"
EndProject
Project("{FAE04EC0-301F-11D3-BF4B-00C04F79EFBC}") = "多线程类型", "多线程类型\多线程类型.csproj", "{E3DD8963-910E-4BB3-95B5-C64747F67CEC}"
EndProject
Project("{FAE04EC0-301F-11D3-BF4B-00C04F79EFBC}") = "WPFControlMyself", "WPFControlMyself\WPFControlMyself.csproj", "{014690CD-BEB8-4A7B-847E-452357B37D04}"
EndProject
Project("{FAE04EC0-301F-11D3-BF4B-00C04F79EFBC}") = "UploadStatus", "UploadStatus\UploadStatus.csproj", "{30D61893-C0CE-4AF2-8E71-C2BBEDBFC85B}"
EndProject
Project("{FAE04EC0-301F-11D3-BF4B-00C04F79EFBC}") = "倒计时", "倒计时\倒计时.csproj", "{4627D6FC-DBDD-4513-9A61-5785108A1F68}"
EndProject
Project("{FAE04EC0-301F-11D3-BF4B-00C04F79EFBC}") = "MyStyle", "MyStyle\MyStyle.csproj", "{BE693AAE-1369-4404-8815-CDCDE8593DE8}"
EndProject
Project("{FAE04EC0-301F-11D3-BF4B-00C04F79EFBC}") = "Util.Control.Common", "Util.Control.Common\Util.Control.Common.csproj", "{F99E45B8-0678-4C6E-A16F-1F42033378AC}"
EndProject
Project("{FAE04EC0-301F-11D3-BF4B-00C04F79EFBC}") = "Des", "Des\Des.csproj", "{C34E7B16-3846-4338-AF29-DEDECCD1C0F9}"
EndProject
Project("{FAE04EC0-301F-11D3-BF4B-00C04F79EFBC}") = "LoggerTest", "LoggerTest\LoggerTest.csproj", "{D223EE01-6B3A-4844-A5AB-C03622A09B99}"
EndProject
Project("{FAE04EC0-301F-11D3-BF4B-00C04F79EFBC}") = "LoggerTestWpf", "LoggerTestWpf\LoggerTestWpf.csproj", "{419FE4E4-71DC-46BC-99B7-FC242AEDA8FB}"
EndProject
Project("{FAE04EC0-301F-11D3-BF4B-00C04F79EFBC}") = "自动升级", "自动升级\自动升级.csproj", "{35A874BC-A359-41CB-B998-94A4A34FDDFF}"
EndProject
Project("{FAE04EC0-301F-11D3-BF4B-00C04F79EFBC}") = "Tools", "Tools\Tools.csproj", "{7AEF891B-3182-4722-831B-B33C7DDF8EAF}"
EndProject
Project("{FAE04EC0-301F-11D3-BF4B-00C04F79EFBC}") = "TestConnection", "TestConnection\TestConnection.csproj", "{9A3C3E8F-9023-4FE5-A912-4AC28E4A912F}"
EndProject
Project("{FAE04EC0-301F-11D3-BF4B-00C04F79EFBC}") = "WpfDependencyDemo", "WpfDependencyDemo\WpfDependencyDemo.csproj", "{ACACEAAC-61B0-4FC9-AF3C-98C3708D5C84}"
EndProject
Project("{FAE04EC0-301F-11D3-BF4B-00C04F79EFBC}") = "Test", "Test\Test.csproj", "{A323A60E-2113-4AE7-AAD2-3F17766AE7B4}"
EndProject
Global
	GlobalSection(SharedMSBuildProjectFiles) = preSolution
		UserControl\UserControl.projitems*{337547b3-3857-4dad-936c-cc3b15879c18}*SharedItemsImports = 13
	EndGlobalSection
	GlobalSection(SolutionConfigurationPlatforms) = preSolution
		Debug|Any CPU = Debug|Any CPU
		Debug|x64 = Debug|x64
		Debug|x86 = Debug|x86
		Release|Any CPU = Release|Any CPU
		Release|x64 = Release|x64
		Release|x86 = Release|x86
	EndGlobalSection
	GlobalSection(ProjectConfigurationPlatforms) = postSolution
		{CD29EE0E-6BE9-4A57-839F-1DA5F2ADC4BD}.Debug|Any CPU.ActiveCfg = Debug|Any CPU
		{CD29EE0E-6BE9-4A57-839F-1DA5F2ADC4BD}.Debug|Any CPU.Build.0 = Debug|Any CPU
		{CD29EE0E-6BE9-4A57-839F-1DA5F2ADC4BD}.Debug|x64.ActiveCfg = Debug|x64
		{CD29EE0E-6BE9-4A57-839F-1DA5F2ADC4BD}.Debug|x64.Build.0 = Debug|x64
		{CD29EE0E-6BE9-4A57-839F-1DA5F2ADC4BD}.Debug|x86.ActiveCfg = Debug|x86
		{CD29EE0E-6BE9-4A57-839F-1DA5F2ADC4BD}.Debug|x86.Build.0 = Debug|x86
		{CD29EE0E-6BE9-4A57-839F-1DA5F2ADC4BD}.Release|Any CPU.ActiveCfg = Release|Any CPU
		{CD29EE0E-6BE9-4A57-839F-1DA5F2ADC4BD}.Release|Any CPU.Build.0 = Release|Any CPU
		{CD29EE0E-6BE9-4A57-839F-1DA5F2ADC4BD}.Release|x64.ActiveCfg = Release|x64
		{CD29EE0E-6BE9-4A57-839F-1DA5F2ADC4BD}.Release|x64.Build.0 = Release|x64
		{CD29EE0E-6BE9-4A57-839F-1DA5F2ADC4BD}.Release|x86.ActiveCfg = Release|x86
		{CD29EE0E-6BE9-4A57-839F-1DA5F2ADC4BD}.Release|x86.Build.0 = Release|x86
		{32C0C0C7-35FE-4FE4-848E-20D5FFFA1F6E}.Debug|Any CPU.ActiveCfg = Debug|Any CPU
		{32C0C0C7-35FE-4FE4-848E-20D5FFFA1F6E}.Debug|Any CPU.Build.0 = Debug|Any CPU
		{32C0C0C7-35FE-4FE4-848E-20D5FFFA1F6E}.Debug|x64.ActiveCfg = Debug|x64
		{32C0C0C7-35FE-4FE4-848E-20D5FFFA1F6E}.Debug|x64.Build.0 = Debug|x64
		{32C0C0C7-35FE-4FE4-848E-20D5FFFA1F6E}.Debug|x86.ActiveCfg = Debug|x86
		{32C0C0C7-35FE-4FE4-848E-20D5FFFA1F6E}.Debug|x86.Build.0 = Debug|x86
		{32C0C0C7-35FE-4FE4-848E-20D5FFFA1F6E}.Release|Any CPU.ActiveCfg = Release|Any CPU
		{32C0C0C7-35FE-4FE4-848E-20D5FFFA1F6E}.Release|Any CPU.Build.0 = Release|Any CPU
		{32C0C0C7-35FE-4FE4-848E-20D5FFFA1F6E}.Release|x64.ActiveCfg = Release|x64
		{32C0C0C7-35FE-4FE4-848E-20D5FFFA1F6E}.Release|x64.Build.0 = Release|x64
		{32C0C0C7-35FE-4FE4-848E-20D5FFFA1F6E}.Release|x86.ActiveCfg = Release|x86
		{32C0C0C7-35FE-4FE4-848E-20D5FFFA1F6E}.Release|x86.Build.0 = Release|x86
		{BCD481D0-05EA-4135-AFA6-7F0F41425B4A}.Debug|Any CPU.ActiveCfg = Debug|Any CPU
		{BCD481D0-05EA-4135-AFA6-7F0F41425B4A}.Debug|Any CPU.Build.0 = Debug|Any CPU
		{BCD481D0-05EA-4135-AFA6-7F0F41425B4A}.Debug|x64.ActiveCfg = Debug|x64
		{BCD481D0-05EA-4135-AFA6-7F0F41425B4A}.Debug|x64.Build.0 = Debug|x64
		{BCD481D0-05EA-4135-AFA6-7F0F41425B4A}.Debug|x86.ActiveCfg = Debug|x86
		{BCD481D0-05EA-4135-AFA6-7F0F41425B4A}.Debug|x86.Build.0 = Debug|x86
		{BCD481D0-05EA-4135-AFA6-7F0F41425B4A}.Release|Any CPU.ActiveCfg = Release|Any CPU
		{BCD481D0-05EA-4135-AFA6-7F0F41425B4A}.Release|Any CPU.Build.0 = Release|Any CPU
		{BCD481D0-05EA-4135-AFA6-7F0F41425B4A}.Release|x64.ActiveCfg = Release|x64
		{BCD481D0-05EA-4135-AFA6-7F0F41425B4A}.Release|x64.Build.0 = Release|x64
		{BCD481D0-05EA-4135-AFA6-7F0F41425B4A}.Release|x86.ActiveCfg = Release|x86
		{BCD481D0-05EA-4135-AFA6-7F0F41425B4A}.Release|x86.Build.0 = Release|x86
		{DC8111D0-9D3B-432D-BE93-704E657FF6A0}.Debug|Any CPU.ActiveCfg = Debug|Any CPU
		{DC8111D0-9D3B-432D-BE93-704E657FF6A0}.Debug|Any CPU.Build.0 = Debug|Any CPU
		{DC8111D0-9D3B-432D-BE93-704E657FF6A0}.Debug|x64.ActiveCfg = Debug|x64
		{DC8111D0-9D3B-432D-BE93-704E657FF6A0}.Debug|x64.Build.0 = Debug|x64
		{DC8111D0-9D3B-432D-BE93-704E657FF6A0}.Debug|x86.ActiveCfg = Debug|x86
		{DC8111D0-9D3B-432D-BE93-704E657FF6A0}.Debug|x86.Build.0 = Debug|x86
		{DC8111D0-9D3B-432D-BE93-704E657FF6A0}.Release|Any CPU.ActiveCfg = Release|Any CPU
		{DC8111D0-9D3B-432D-BE93-704E657FF6A0}.Release|Any CPU.Build.0 = Release|Any CPU
		{DC8111D0-9D3B-432D-BE93-704E657FF6A0}.Release|x64.ActiveCfg = Release|x64
		{DC8111D0-9D3B-432D-BE93-704E657FF6A0}.Release|x64.Build.0 = Release|x64
		{DC8111D0-9D3B-432D-BE93-704E657FF6A0}.Release|x86.ActiveCfg = Release|x86
		{DC8111D0-9D3B-432D-BE93-704E657FF6A0}.Release|x86.Build.0 = Release|x86
		{131C5FFB-6A93-4BA3-952C-0BCF564F0403}.Debug|Any CPU.ActiveCfg = Debug|Any CPU
		{131C5FFB-6A93-4BA3-952C-0BCF564F0403}.Debug|Any CPU.Build.0 = Debug|Any CPU
		{131C5FFB-6A93-4BA3-952C-0BCF564F0403}.Debug|x64.ActiveCfg = Debug|x64
		{131C5FFB-6A93-4BA3-952C-0BCF564F0403}.Debug|x64.Build.0 = Debug|x64
		{131C5FFB-6A93-4BA3-952C-0BCF564F0403}.Debug|x86.ActiveCfg = Debug|x86
		{131C5FFB-6A93-4BA3-952C-0BCF564F0403}.Debug|x86.Build.0 = Debug|x86
		{131C5FFB-6A93-4BA3-952C-0BCF564F0403}.Release|Any CPU.ActiveCfg = Release|Any CPU
		{131C5FFB-6A93-4BA3-952C-0BCF564F0403}.Release|Any CPU.Build.0 = Release|Any CPU
		{131C5FFB-6A93-4BA3-952C-0BCF564F0403}.Release|x64.ActiveCfg = Release|x64
		{131C5FFB-6A93-4BA3-952C-0BCF564F0403}.Release|x64.Build.0 = Release|x64
		{131C5FFB-6A93-4BA3-952C-0BCF564F0403}.Release|x86.ActiveCfg = Release|x86
		{131C5FFB-6A93-4BA3-952C-0BCF564F0403}.Release|x86.Build.0 = Release|x86
		{4426A808-CF54-4CA5-A703-450322CFBFE5}.Debug|Any CPU.ActiveCfg = Debug|Any CPU
		{4426A808-CF54-4CA5-A703-450322CFBFE5}.Debug|Any CPU.Build.0 = Debug|Any CPU
		{4426A808-CF54-4CA5-A703-450322CFBFE5}.Debug|x64.ActiveCfg = Debug|x64
		{4426A808-CF54-4CA5-A703-450322CFBFE5}.Debug|x64.Build.0 = Debug|x64
		{4426A808-CF54-4CA5-A703-450322CFBFE5}.Debug|x86.ActiveCfg = Debug|x86
		{4426A808-CF54-4CA5-A703-450322CFBFE5}.Debug|x86.Build.0 = Debug|x86
		{4426A808-CF54-4CA5-A703-450322CFBFE5}.Release|Any CPU.ActiveCfg = Release|Any CPU
		{4426A808-CF54-4CA5-A703-450322CFBFE5}.Release|Any CPU.Build.0 = Release|Any CPU
		{4426A808-CF54-4CA5-A703-450322CFBFE5}.Release|x64.ActiveCfg = Release|x64
		{4426A808-CF54-4CA5-A703-450322CFBFE5}.Release|x64.Build.0 = Release|x64
		{4426A808-CF54-4CA5-A703-450322CFBFE5}.Release|x86.ActiveCfg = Release|x86
		{4426A808-CF54-4CA5-A703-450322CFBFE5}.Release|x86.Build.0 = Release|x86
		{103F8339-EDF3-400A-A643-98E18B0D5F8C}.Debug|Any CPU.ActiveCfg = Debug|Any CPU
		{103F8339-EDF3-400A-A643-98E18B0D5F8C}.Debug|Any CPU.Build.0 = Debug|Any CPU
		{103F8339-EDF3-400A-A643-98E18B0D5F8C}.Debug|x64.ActiveCfg = Debug|x64
		{103F8339-EDF3-400A-A643-98E18B0D5F8C}.Debug|x64.Build.0 = Debug|x64
		{103F8339-EDF3-400A-A643-98E18B0D5F8C}.Debug|x86.ActiveCfg = Debug|x86
		{103F8339-EDF3-400A-A643-98E18B0D5F8C}.Debug|x86.Build.0 = Debug|x86
		{103F8339-EDF3-400A-A643-98E18B0D5F8C}.Release|Any CPU.ActiveCfg = Release|Any CPU
		{103F8339-EDF3-400A-A643-98E18B0D5F8C}.Release|Any CPU.Build.0 = Release|Any CPU
		{103F8339-EDF3-400A-A643-98E18B0D5F8C}.Release|x64.ActiveCfg = Release|x64
		{103F8339-EDF3-400A-A643-98E18B0D5F8C}.Release|x64.Build.0 = Release|x64
		{103F8339-EDF3-400A-A643-98E18B0D5F8C}.Release|x86.ActiveCfg = Release|x86
		{103F8339-EDF3-400A-A643-98E18B0D5F8C}.Release|x86.Build.0 = Release|x86
		{92A817BB-36FE-4BE1-83B8-E01447400489}.Debug|Any CPU.ActiveCfg = Debug|Any CPU
		{92A817BB-36FE-4BE1-83B8-E01447400489}.Debug|Any CPU.Build.0 = Debug|Any CPU
		{92A817BB-36FE-4BE1-83B8-E01447400489}.Debug|x64.ActiveCfg = Debug|x64
		{92A817BB-36FE-4BE1-83B8-E01447400489}.Debug|x64.Build.0 = Debug|x64
		{92A817BB-36FE-4BE1-83B8-E01447400489}.Debug|x86.ActiveCfg = Debug|x86
		{92A817BB-36FE-4BE1-83B8-E01447400489}.Debug|x86.Build.0 = Debug|x86
		{92A817BB-36FE-4BE1-83B8-E01447400489}.Release|Any CPU.ActiveCfg = Release|Any CPU
		{92A817BB-36FE-4BE1-83B8-E01447400489}.Release|Any CPU.Build.0 = Release|Any CPU
		{92A817BB-36FE-4BE1-83B8-E01447400489}.Release|x64.ActiveCfg = Release|x64
		{92A817BB-36FE-4BE1-83B8-E01447400489}.Release|x64.Build.0 = Release|x64
		{92A817BB-36FE-4BE1-83B8-E01447400489}.Release|x86.ActiveCfg = Release|x86
		{92A817BB-36FE-4BE1-83B8-E01447400489}.Release|x86.Build.0 = Release|x86
		{C7DF5F9A-3AD4-437E-8BFE-857D16E8BDE3}.Debug|Any CPU.ActiveCfg = Debug|Any CPU
		{C7DF5F9A-3AD4-437E-8BFE-857D16E8BDE3}.Debug|Any CPU.Build.0 = Debug|Any CPU
		{C7DF5F9A-3AD4-437E-8BFE-857D16E8BDE3}.Debug|x64.ActiveCfg = Debug|x64
		{C7DF5F9A-3AD4-437E-8BFE-857D16E8BDE3}.Debug|x64.Build.0 = Debug|x64
		{C7DF5F9A-3AD4-437E-8BFE-857D16E8BDE3}.Debug|x86.ActiveCfg = Debug|x86
		{C7DF5F9A-3AD4-437E-8BFE-857D16E8BDE3}.Debug|x86.Build.0 = Debug|x86
		{C7DF5F9A-3AD4-437E-8BFE-857D16E8BDE3}.Release|Any CPU.ActiveCfg = Release|Any CPU
		{C7DF5F9A-3AD4-437E-8BFE-857D16E8BDE3}.Release|Any CPU.Build.0 = Release|Any CPU
		{C7DF5F9A-3AD4-437E-8BFE-857D16E8BDE3}.Release|x64.ActiveCfg = Release|x64
		{C7DF5F9A-3AD4-437E-8BFE-857D16E8BDE3}.Release|x64.Build.0 = Release|x64
		{C7DF5F9A-3AD4-437E-8BFE-857D16E8BDE3}.Release|x86.ActiveCfg = Release|x86
		{C7DF5F9A-3AD4-437E-8BFE-857D16E8BDE3}.Release|x86.Build.0 = Release|x86
		{5C3957DD-A7BE-4ABA-93AE-092F718AE5EA}.Debug|Any CPU.ActiveCfg = Debug|Any CPU
		{5C3957DD-A7BE-4ABA-93AE-092F718AE5EA}.Debug|Any CPU.Build.0 = Debug|Any CPU
		{5C3957DD-A7BE-4ABA-93AE-092F718AE5EA}.Debug|x64.ActiveCfg = Debug|x64
		{5C3957DD-A7BE-4ABA-93AE-092F718AE5EA}.Debug|x64.Build.0 = Debug|x64
		{5C3957DD-A7BE-4ABA-93AE-092F718AE5EA}.Debug|x86.ActiveCfg = Debug|x86
		{5C3957DD-A7BE-4ABA-93AE-092F718AE5EA}.Debug|x86.Build.0 = Debug|x86
		{5C3957DD-A7BE-4ABA-93AE-092F718AE5EA}.Release|Any CPU.ActiveCfg = Release|Any CPU
		{5C3957DD-A7BE-4ABA-93AE-092F718AE5EA}.Release|Any CPU.Build.0 = Release|Any CPU
		{5C3957DD-A7BE-4ABA-93AE-092F718AE5EA}.Release|x64.ActiveCfg = Release|x64
		{5C3957DD-A7BE-4ABA-93AE-092F718AE5EA}.Release|x64.Build.0 = Release|x64
		{5C3957DD-A7BE-4ABA-93AE-092F718AE5EA}.Release|x86.ActiveCfg = Release|x86
		{5C3957DD-A7BE-4ABA-93AE-092F718AE5EA}.Release|x86.Build.0 = Release|x86
		{34029E17-15CB-4379-A7F5-FF2811337DF9}.Debug|Any CPU.ActiveCfg = Debug|Any CPU
		{34029E17-15CB-4379-A7F5-FF2811337DF9}.Debug|Any CPU.Build.0 = Debug|Any CPU
		{34029E17-15CB-4379-A7F5-FF2811337DF9}.Debug|x64.ActiveCfg = Debug|x64
		{34029E17-15CB-4379-A7F5-FF2811337DF9}.Debug|x64.Build.0 = Debug|x64
		{34029E17-15CB-4379-A7F5-FF2811337DF9}.Debug|x86.ActiveCfg = Debug|x86
		{34029E17-15CB-4379-A7F5-FF2811337DF9}.Debug|x86.Build.0 = Debug|x86
		{34029E17-15CB-4379-A7F5-FF2811337DF9}.Release|Any CPU.ActiveCfg = Release|Any CPU
		{34029E17-15CB-4379-A7F5-FF2811337DF9}.Release|Any CPU.Build.0 = Release|Any CPU
		{34029E17-15CB-4379-A7F5-FF2811337DF9}.Release|x64.ActiveCfg = Release|x64
		{34029E17-15CB-4379-A7F5-FF2811337DF9}.Release|x64.Build.0 = Release|x64
		{34029E17-15CB-4379-A7F5-FF2811337DF9}.Release|x86.ActiveCfg = Release|x86
		{34029E17-15CB-4379-A7F5-FF2811337DF9}.Release|x86.Build.0 = Release|x86
		{761B72D0-6AE5-40CF-A7F6-63149DB55100}.Debug|Any CPU.ActiveCfg = Debug|Any CPU
		{761B72D0-6AE5-40CF-A7F6-63149DB55100}.Debug|Any CPU.Build.0 = Debug|Any CPU
		{761B72D0-6AE5-40CF-A7F6-63149DB55100}.Debug|x64.ActiveCfg = Debug|x64
		{761B72D0-6AE5-40CF-A7F6-63149DB55100}.Debug|x64.Build.0 = Debug|x64
		{761B72D0-6AE5-40CF-A7F6-63149DB55100}.Debug|x86.ActiveCfg = Debug|x86
		{761B72D0-6AE5-40CF-A7F6-63149DB55100}.Debug|x86.Build.0 = Debug|x86
		{761B72D0-6AE5-40CF-A7F6-63149DB55100}.Release|Any CPU.ActiveCfg = Release|Any CPU
		{761B72D0-6AE5-40CF-A7F6-63149DB55100}.Release|Any CPU.Build.0 = Release|Any CPU
		{761B72D0-6AE5-40CF-A7F6-63149DB55100}.Release|x64.ActiveCfg = Release|x64
		{761B72D0-6AE5-40CF-A7F6-63149DB55100}.Release|x64.Build.0 = Release|x64
		{761B72D0-6AE5-40CF-A7F6-63149DB55100}.Release|x86.ActiveCfg = Release|x86
		{761B72D0-6AE5-40CF-A7F6-63149DB55100}.Release|x86.Build.0 = Release|x86
		{06658A04-037E-4D95-8B68-CA100435FE6F}.Debug|Any CPU.ActiveCfg = Debug|Any CPU
		{06658A04-037E-4D95-8B68-CA100435FE6F}.Debug|Any CPU.Build.0 = Debug|Any CPU
		{06658A04-037E-4D95-8B68-CA100435FE6F}.Debug|x64.ActiveCfg = Debug|x64
		{06658A04-037E-4D95-8B68-CA100435FE6F}.Debug|x64.Build.0 = Debug|x64
		{06658A04-037E-4D95-8B68-CA100435FE6F}.Debug|x86.ActiveCfg = Debug|x86
		{06658A04-037E-4D95-8B68-CA100435FE6F}.Debug|x86.Build.0 = Debug|x86
		{06658A04-037E-4D95-8B68-CA100435FE6F}.Release|Any CPU.ActiveCfg = Release|Any CPU
		{06658A04-037E-4D95-8B68-CA100435FE6F}.Release|Any CPU.Build.0 = Release|Any CPU
		{06658A04-037E-4D95-8B68-CA100435FE6F}.Release|x64.ActiveCfg = Release|x64
		{06658A04-037E-4D95-8B68-CA100435FE6F}.Release|x64.Build.0 = Release|x64
		{06658A04-037E-4D95-8B68-CA100435FE6F}.Release|x86.ActiveCfg = Release|x86
		{06658A04-037E-4D95-8B68-CA100435FE6F}.Release|x86.Build.0 = Release|x86
		{65D90DBC-8C17-4387-B865-16973F329DCD}.Debug|Any CPU.ActiveCfg = Debug|Any CPU
		{65D90DBC-8C17-4387-B865-16973F329DCD}.Debug|Any CPU.Build.0 = Debug|Any CPU
		{65D90DBC-8C17-4387-B865-16973F329DCD}.Debug|x64.ActiveCfg = Debug|x64
		{65D90DBC-8C17-4387-B865-16973F329DCD}.Debug|x64.Build.0 = Debug|x64
		{65D90DBC-8C17-4387-B865-16973F329DCD}.Debug|x86.ActiveCfg = Debug|x86
		{65D90DBC-8C17-4387-B865-16973F329DCD}.Debug|x86.Build.0 = Debug|x86
		{65D90DBC-8C17-4387-B865-16973F329DCD}.Release|Any CPU.ActiveCfg = Release|Any CPU
		{65D90DBC-8C17-4387-B865-16973F329DCD}.Release|Any CPU.Build.0 = Release|Any CPU
		{65D90DBC-8C17-4387-B865-16973F329DCD}.Release|x64.ActiveCfg = Release|x64
		{65D90DBC-8C17-4387-B865-16973F329DCD}.Release|x64.Build.0 = Release|x64
		{65D90DBC-8C17-4387-B865-16973F329DCD}.Release|x86.ActiveCfg = Release|x86
		{65D90DBC-8C17-4387-B865-16973F329DCD}.Release|x86.Build.0 = Release|x86
		{D070DA3C-B9A7-4A01-9AD8-724F923076EA}.Debug|Any CPU.ActiveCfg = Debug|Any CPU
		{D070DA3C-B9A7-4A01-9AD8-724F923076EA}.Debug|Any CPU.Build.0 = Debug|Any CPU
		{D070DA3C-B9A7-4A01-9AD8-724F923076EA}.Debug|x64.ActiveCfg = Debug|Any CPU
		{D070DA3C-B9A7-4A01-9AD8-724F923076EA}.Debug|x64.Build.0 = Debug|Any CPU
		{D070DA3C-B9A7-4A01-9AD8-724F923076EA}.Debug|x86.ActiveCfg = Debug|Any CPU
		{D070DA3C-B9A7-4A01-9AD8-724F923076EA}.Debug|x86.Build.0 = Debug|Any CPU
		{D070DA3C-B9A7-4A01-9AD8-724F923076EA}.Release|Any CPU.ActiveCfg = Release|Any CPU
		{D070DA3C-B9A7-4A01-9AD8-724F923076EA}.Release|Any CPU.Build.0 = Release|Any CPU
		{D070DA3C-B9A7-4A01-9AD8-724F923076EA}.Release|x64.ActiveCfg = Release|Any CPU
		{D070DA3C-B9A7-4A01-9AD8-724F923076EA}.Release|x64.Build.0 = Release|Any CPU
		{D070DA3C-B9A7-4A01-9AD8-724F923076EA}.Release|x86.ActiveCfg = Release|Any CPU
		{D070DA3C-B9A7-4A01-9AD8-724F923076EA}.Release|x86.Build.0 = Release|Any CPU
		{E3DD8963-910E-4BB3-95B5-C64747F67CEC}.Debug|Any CPU.ActiveCfg = Debug|Any CPU
		{E3DD8963-910E-4BB3-95B5-C64747F67CEC}.Debug|Any CPU.Build.0 = Debug|Any CPU
		{E3DD8963-910E-4BB3-95B5-C64747F67CEC}.Debug|x64.ActiveCfg = Debug|Any CPU
		{E3DD8963-910E-4BB3-95B5-C64747F67CEC}.Debug|x64.Build.0 = Debug|Any CPU
		{E3DD8963-910E-4BB3-95B5-C64747F67CEC}.Debug|x86.ActiveCfg = Debug|Any CPU
		{E3DD8963-910E-4BB3-95B5-C64747F67CEC}.Debug|x86.Build.0 = Debug|Any CPU
		{E3DD8963-910E-4BB3-95B5-C64747F67CEC}.Release|Any CPU.ActiveCfg = Release|Any CPU
		{E3DD8963-910E-4BB3-95B5-C64747F67CEC}.Release|Any CPU.Build.0 = Release|Any CPU
		{E3DD8963-910E-4BB3-95B5-C64747F67CEC}.Release|x64.ActiveCfg = Release|Any CPU
		{E3DD8963-910E-4BB3-95B5-C64747F67CEC}.Release|x64.Build.0 = Release|Any CPU
		{E3DD8963-910E-4BB3-95B5-C64747F67CEC}.Release|x86.ActiveCfg = Release|Any CPU
		{E3DD8963-910E-4BB3-95B5-C64747F67CEC}.Release|x86.Build.0 = Release|Any CPU
		{014690CD-BEB8-4A7B-847E-452357B37D04}.Debug|Any CPU.ActiveCfg = Debug|Any CPU
		{014690CD-BEB8-4A7B-847E-452357B37D04}.Debug|Any CPU.Build.0 = Debug|Any CPU
		{014690CD-BEB8-4A7B-847E-452357B37D04}.Debug|x64.ActiveCfg = Debug|Any CPU
		{014690CD-BEB8-4A7B-847E-452357B37D04}.Debug|x64.Build.0 = Debug|Any CPU
		{014690CD-BEB8-4A7B-847E-452357B37D04}.Debug|x86.ActiveCfg = Debug|Any CPU
		{014690CD-BEB8-4A7B-847E-452357B37D04}.Debug|x86.Build.0 = Debug|Any CPU
		{014690CD-BEB8-4A7B-847E-452357B37D04}.Release|Any CPU.ActiveCfg = Release|Any CPU
		{014690CD-BEB8-4A7B-847E-452357B37D04}.Release|Any CPU.Build.0 = Release|Any CPU
		{014690CD-BEB8-4A7B-847E-452357B37D04}.Release|x64.ActiveCfg = Release|Any CPU
		{014690CD-BEB8-4A7B-847E-452357B37D04}.Release|x64.Build.0 = Release|Any CPU
		{014690CD-BEB8-4A7B-847E-452357B37D04}.Release|x86.ActiveCfg = Release|Any CPU
		{014690CD-BEB8-4A7B-847E-452357B37D04}.Release|x86.Build.0 = Release|Any CPU
		{30D61893-C0CE-4AF2-8E71-C2BBEDBFC85B}.Debug|Any CPU.ActiveCfg = Debug|Any CPU
		{30D61893-C0CE-4AF2-8E71-C2BBEDBFC85B}.Debug|Any CPU.Build.0 = Debug|Any CPU
		{30D61893-C0CE-4AF2-8E71-C2BBEDBFC85B}.Debug|x64.ActiveCfg = Debug|Any CPU
		{30D61893-C0CE-4AF2-8E71-C2BBEDBFC85B}.Debug|x64.Build.0 = Debug|Any CPU
		{30D61893-C0CE-4AF2-8E71-C2BBEDBFC85B}.Debug|x86.ActiveCfg = Debug|Any CPU
		{30D61893-C0CE-4AF2-8E71-C2BBEDBFC85B}.Debug|x86.Build.0 = Debug|Any CPU
		{30D61893-C0CE-4AF2-8E71-C2BBEDBFC85B}.Release|Any CPU.ActiveCfg = Release|Any CPU
		{30D61893-C0CE-4AF2-8E71-C2BBEDBFC85B}.Release|Any CPU.Build.0 = Release|Any CPU
		{30D61893-C0CE-4AF2-8E71-C2BBEDBFC85B}.Release|x64.ActiveCfg = Release|Any CPU
		{30D61893-C0CE-4AF2-8E71-C2BBEDBFC85B}.Release|x64.Build.0 = Release|Any CPU
		{30D61893-C0CE-4AF2-8E71-C2BBEDBFC85B}.Release|x86.ActiveCfg = Release|Any CPU
		{30D61893-C0CE-4AF2-8E71-C2BBEDBFC85B}.Release|x86.Build.0 = Release|Any CPU
		{4627D6FC-DBDD-4513-9A61-5785108A1F68}.Debug|Any CPU.ActiveCfg = Debug|Any CPU
		{4627D6FC-DBDD-4513-9A61-5785108A1F68}.Debug|Any CPU.Build.0 = Debug|Any CPU
		{4627D6FC-DBDD-4513-9A61-5785108A1F68}.Debug|x64.ActiveCfg = Debug|Any CPU
		{4627D6FC-DBDD-4513-9A61-5785108A1F68}.Debug|x64.Build.0 = Debug|Any CPU
		{4627D6FC-DBDD-4513-9A61-5785108A1F68}.Debug|x86.ActiveCfg = Debug|Any CPU
		{4627D6FC-DBDD-4513-9A61-5785108A1F68}.Debug|x86.Build.0 = Debug|Any CPU
		{4627D6FC-DBDD-4513-9A61-5785108A1F68}.Release|Any CPU.ActiveCfg = Release|Any CPU
		{4627D6FC-DBDD-4513-9A61-5785108A1F68}.Release|Any CPU.Build.0 = Release|Any CPU
		{4627D6FC-DBDD-4513-9A61-5785108A1F68}.Release|x64.ActiveCfg = Release|Any CPU
		{4627D6FC-DBDD-4513-9A61-5785108A1F68}.Release|x64.Build.0 = Release|Any CPU
		{4627D6FC-DBDD-4513-9A61-5785108A1F68}.Release|x86.ActiveCfg = Release|Any CPU
		{4627D6FC-DBDD-4513-9A61-5785108A1F68}.Release|x86.Build.0 = Release|Any CPU
		{BE693AAE-1369-4404-8815-CDCDE8593DE8}.Debug|Any CPU.ActiveCfg = Debug|Any CPU
		{BE693AAE-1369-4404-8815-CDCDE8593DE8}.Debug|Any CPU.Build.0 = Debug|Any CPU
		{BE693AAE-1369-4404-8815-CDCDE8593DE8}.Debug|x64.ActiveCfg = Debug|Any CPU
		{BE693AAE-1369-4404-8815-CDCDE8593DE8}.Debug|x64.Build.0 = Debug|Any CPU
		{BE693AAE-1369-4404-8815-CDCDE8593DE8}.Debug|x86.ActiveCfg = Debug|Any CPU
		{BE693AAE-1369-4404-8815-CDCDE8593DE8}.Debug|x86.Build.0 = Debug|Any CPU
		{BE693AAE-1369-4404-8815-CDCDE8593DE8}.Release|Any CPU.ActiveCfg = Release|Any CPU
		{BE693AAE-1369-4404-8815-CDCDE8593DE8}.Release|Any CPU.Build.0 = Release|Any CPU
		{BE693AAE-1369-4404-8815-CDCDE8593DE8}.Release|x64.ActiveCfg = Release|Any CPU
		{BE693AAE-1369-4404-8815-CDCDE8593DE8}.Release|x64.Build.0 = Release|Any CPU
		{BE693AAE-1369-4404-8815-CDCDE8593DE8}.Release|x86.ActiveCfg = Release|Any CPU
		{BE693AAE-1369-4404-8815-CDCDE8593DE8}.Release|x86.Build.0 = Release|Any CPU
		{F99E45B8-0678-4C6E-A16F-1F42033378AC}.Debug|Any CPU.ActiveCfg = Debug|Any CPU
		{F99E45B8-0678-4C6E-A16F-1F42033378AC}.Debug|Any CPU.Build.0 = Debug|Any CPU
		{F99E45B8-0678-4C6E-A16F-1F42033378AC}.Debug|x64.ActiveCfg = Debug|Any CPU
		{F99E45B8-0678-4C6E-A16F-1F42033378AC}.Debug|x64.Build.0 = Debug|Any CPU
		{F99E45B8-0678-4C6E-A16F-1F42033378AC}.Debug|x86.ActiveCfg = Debug|Any CPU
		{F99E45B8-0678-4C6E-A16F-1F42033378AC}.Debug|x86.Build.0 = Debug|Any CPU
		{F99E45B8-0678-4C6E-A16F-1F42033378AC}.Release|Any CPU.ActiveCfg = Release|Any CPU
		{F99E45B8-0678-4C6E-A16F-1F42033378AC}.Release|Any CPU.Build.0 = Release|Any CPU
		{F99E45B8-0678-4C6E-A16F-1F42033378AC}.Release|x64.ActiveCfg = Release|Any CPU
		{F99E45B8-0678-4C6E-A16F-1F42033378AC}.Release|x64.Build.0 = Release|Any CPU
		{F99E45B8-0678-4C6E-A16F-1F42033378AC}.Release|x86.ActiveCfg = Release|Any CPU
		{F99E45B8-0678-4C6E-A16F-1F42033378AC}.Release|x86.Build.0 = Release|Any CPU
		{C34E7B16-3846-4338-AF29-DEDECCD1C0F9}.Debug|Any CPU.ActiveCfg = Debug|Any CPU
		{C34E7B16-3846-4338-AF29-DEDECCD1C0F9}.Debug|Any CPU.Build.0 = Debug|Any CPU
		{C34E7B16-3846-4338-AF29-DEDECCD1C0F9}.Debug|x64.ActiveCfg = Debug|Any CPU
		{C34E7B16-3846-4338-AF29-DEDECCD1C0F9}.Debug|x64.Build.0 = Debug|Any CPU
		{C34E7B16-3846-4338-AF29-DEDECCD1C0F9}.Debug|x86.ActiveCfg = Debug|Any CPU
		{C34E7B16-3846-4338-AF29-DEDECCD1C0F9}.Debug|x86.Build.0 = Debug|Any CPU
		{C34E7B16-3846-4338-AF29-DEDECCD1C0F9}.Release|Any CPU.ActiveCfg = Release|Any CPU
		{C34E7B16-3846-4338-AF29-DEDECCD1C0F9}.Release|Any CPU.Build.0 = Release|Any CPU
		{C34E7B16-3846-4338-AF29-DEDECCD1C0F9}.Release|x64.ActiveCfg = Release|Any CPU
		{C34E7B16-3846-4338-AF29-DEDECCD1C0F9}.Release|x64.Build.0 = Release|Any CPU
		{C34E7B16-3846-4338-AF29-DEDECCD1C0F9}.Release|x86.ActiveCfg = Release|Any CPU
		{C34E7B16-3846-4338-AF29-DEDECCD1C0F9}.Release|x86.Build.0 = Release|Any CPU
		{D223EE01-6B3A-4844-A5AB-C03622A09B99}.Debug|Any CPU.ActiveCfg = Debug|Any CPU
		{D223EE01-6B3A-4844-A5AB-C03622A09B99}.Debug|Any CPU.Build.0 = Debug|Any CPU
		{D223EE01-6B3A-4844-A5AB-C03622A09B99}.Debug|x64.ActiveCfg = Debug|Any CPU
		{D223EE01-6B3A-4844-A5AB-C03622A09B99}.Debug|x64.Build.0 = Debug|Any CPU
		{D223EE01-6B3A-4844-A5AB-C03622A09B99}.Debug|x86.ActiveCfg = Debug|Any CPU
		{D223EE01-6B3A-4844-A5AB-C03622A09B99}.Debug|x86.Build.0 = Debug|Any CPU
		{D223EE01-6B3A-4844-A5AB-C03622A09B99}.Release|Any CPU.ActiveCfg = Release|Any CPU
		{D223EE01-6B3A-4844-A5AB-C03622A09B99}.Release|Any CPU.Build.0 = Release|Any CPU
		{D223EE01-6B3A-4844-A5AB-C03622A09B99}.Release|x64.ActiveCfg = Release|Any CPU
		{D223EE01-6B3A-4844-A5AB-C03622A09B99}.Release|x64.Build.0 = Release|Any CPU
		{D223EE01-6B3A-4844-A5AB-C03622A09B99}.Release|x86.ActiveCfg = Release|Any CPU
		{D223EE01-6B3A-4844-A5AB-C03622A09B99}.Release|x86.Build.0 = Release|Any CPU
		{419FE4E4-71DC-46BC-99B7-FC242AEDA8FB}.Debug|Any CPU.ActiveCfg = Debug|Any CPU
		{419FE4E4-71DC-46BC-99B7-FC242AEDA8FB}.Debug|Any CPU.Build.0 = Debug|Any CPU
		{419FE4E4-71DC-46BC-99B7-FC242AEDA8FB}.Debug|x64.ActiveCfg = Debug|Any CPU
		{419FE4E4-71DC-46BC-99B7-FC242AEDA8FB}.Debug|x64.Build.0 = Debug|Any CPU
		{419FE4E4-71DC-46BC-99B7-FC242AEDA8FB}.Debug|x86.ActiveCfg = Debug|Any CPU
		{419FE4E4-71DC-46BC-99B7-FC242AEDA8FB}.Debug|x86.Build.0 = Debug|Any CPU
		{419FE4E4-71DC-46BC-99B7-FC242AEDA8FB}.Release|Any CPU.ActiveCfg = Release|Any CPU
		{419FE4E4-71DC-46BC-99B7-FC242AEDA8FB}.Release|Any CPU.Build.0 = Release|Any CPU
		{419FE4E4-71DC-46BC-99B7-FC242AEDA8FB}.Release|x64.ActiveCfg = Release|Any CPU
		{419FE4E4-71DC-46BC-99B7-FC242AEDA8FB}.Release|x64.Build.0 = Release|Any CPU
		{419FE4E4-71DC-46BC-99B7-FC242AEDA8FB}.Release|x86.ActiveCfg = Release|Any CPU
		{419FE4E4-71DC-46BC-99B7-FC242AEDA8FB}.Release|x86.Build.0 = Release|Any CPU
		{35A874BC-A359-41CB-B998-94A4A34FDDFF}.Debug|Any CPU.ActiveCfg = Debug|Any CPU
		{35A874BC-A359-41CB-B998-94A4A34FDDFF}.Debug|Any CPU.Build.0 = Debug|Any CPU
		{35A874BC-A359-41CB-B998-94A4A34FDDFF}.Debug|x64.ActiveCfg = Debug|Any CPU
		{35A874BC-A359-41CB-B998-94A4A34FDDFF}.Debug|x64.Build.0 = Debug|Any CPU
		{35A874BC-A359-41CB-B998-94A4A34FDDFF}.Debug|x86.ActiveCfg = Debug|Any CPU
		{35A874BC-A359-41CB-B998-94A4A34FDDFF}.Debug|x86.Build.0 = Debug|Any CPU
		{35A874BC-A359-41CB-B998-94A4A34FDDFF}.Release|Any CPU.ActiveCfg = Release|Any CPU
		{35A874BC-A359-41CB-B998-94A4A34FDDFF}.Release|Any CPU.Build.0 = Release|Any CPU
		{35A874BC-A359-41CB-B998-94A4A34FDDFF}.Release|x64.ActiveCfg = Release|Any CPU
		{35A874BC-A359-41CB-B998-94A4A34FDDFF}.Release|x64.Build.0 = Release|Any CPU
		{35A874BC-A359-41CB-B998-94A4A34FDDFF}.Release|x86.ActiveCfg = Release|Any CPU
		{35A874BC-A359-41CB-B998-94A4A34FDDFF}.Release|x86.Build.0 = Release|Any CPU
		{7AEF891B-3182-4722-831B-B33C7DDF8EAF}.Debug|Any CPU.ActiveCfg = Debug|Any CPU
		{7AEF891B-3182-4722-831B-B33C7DDF8EAF}.Debug|Any CPU.Build.0 = Debug|Any CPU
		{7AEF891B-3182-4722-831B-B33C7DDF8EAF}.Debug|x64.ActiveCfg = Debug|Any CPU
		{7AEF891B-3182-4722-831B-B33C7DDF8EAF}.Debug|x64.Build.0 = Debug|Any CPU
		{7AEF891B-3182-4722-831B-B33C7DDF8EAF}.Debug|x86.ActiveCfg = Debug|Any CPU
		{7AEF891B-3182-4722-831B-B33C7DDF8EAF}.Debug|x86.Build.0 = Debug|Any CPU
		{7AEF891B-3182-4722-831B-B33C7DDF8EAF}.Release|Any CPU.ActiveCfg = Release|Any CPU
		{7AEF891B-3182-4722-831B-B33C7DDF8EAF}.Release|Any CPU.Build.0 = Release|Any CPU
		{7AEF891B-3182-4722-831B-B33C7DDF8EAF}.Release|x64.ActiveCfg = Release|Any CPU
		{7AEF891B-3182-4722-831B-B33C7DDF8EAF}.Release|x64.Build.0 = Release|Any CPU
		{7AEF891B-3182-4722-831B-B33C7DDF8EAF}.Release|x86.ActiveCfg = Release|Any CPU
		{7AEF891B-3182-4722-831B-B33C7DDF8EAF}.Release|x86.Build.0 = Release|Any CPU
		{9A3C3E8F-9023-4FE5-A912-4AC28E4A912F}.Debug|Any CPU.ActiveCfg = Debug|Any CPU
		{9A3C3E8F-9023-4FE5-A912-4AC28E4A912F}.Debug|Any CPU.Build.0 = Debug|Any CPU
		{9A3C3E8F-9023-4FE5-A912-4AC28E4A912F}.Debug|x64.ActiveCfg = Debug|Any CPU
		{9A3C3E8F-9023-4FE5-A912-4AC28E4A912F}.Debug|x64.Build.0 = Debug|Any CPU
		{9A3C3E8F-9023-4FE5-A912-4AC28E4A912F}.Debug|x86.ActiveCfg = Debug|Any CPU
		{9A3C3E8F-9023-4FE5-A912-4AC28E4A912F}.Debug|x86.Build.0 = Debug|Any CPU
		{9A3C3E8F-9023-4FE5-A912-4AC28E4A912F}.Release|Any CPU.ActiveCfg = Release|Any CPU
		{9A3C3E8F-9023-4FE5-A912-4AC28E4A912F}.Release|Any CPU.Build.0 = Release|Any CPU
		{9A3C3E8F-9023-4FE5-A912-4AC28E4A912F}.Release|x64.ActiveCfg = Release|Any CPU
		{9A3C3E8F-9023-4FE5-A912-4AC28E4A912F}.Release|x64.Build.0 = Release|Any CPU
		{9A3C3E8F-9023-4FE5-A912-4AC28E4A912F}.Release|x86.ActiveCfg = Release|Any CPU
		{9A3C3E8F-9023-4FE5-A912-4AC28E4A912F}.Release|x86.Build.0 = Release|Any CPU
		{ACACEAAC-61B0-4FC9-AF3C-98C3708D5C84}.Debug|Any CPU.ActiveCfg = Debug|Any CPU
		{ACACEAAC-61B0-4FC9-AF3C-98C3708D5C84}.Debug|Any CPU.Build.0 = Debug|Any CPU
		{ACACEAAC-61B0-4FC9-AF3C-98C3708D5C84}.Debug|x64.ActiveCfg = Debug|Any CPU
		{ACACEAAC-61B0-4FC9-AF3C-98C3708D5C84}.Debug|x64.Build.0 = Debug|Any CPU
		{ACACEAAC-61B0-4FC9-AF3C-98C3708D5C84}.Debug|x86.ActiveCfg = Debug|Any CPU
		{ACACEAAC-61B0-4FC9-AF3C-98C3708D5C84}.Debug|x86.Build.0 = Debug|Any CPU
		{ACACEAAC-61B0-4FC9-AF3C-98C3708D5C84}.Release|Any CPU.ActiveCfg = Release|Any CPU
		{ACACEAAC-61B0-4FC9-AF3C-98C3708D5C84}.Release|Any CPU.Build.0 = Release|Any CPU
		{ACACEAAC-61B0-4FC9-AF3C-98C3708D5C84}.Release|x64.ActiveCfg = Release|Any CPU
		{ACACEAAC-61B0-4FC9-AF3C-98C3708D5C84}.Release|x64.Build.0 = Release|Any CPU
		{ACACEAAC-61B0-4FC9-AF3C-98C3708D5C84}.Release|x86.ActiveCfg = Release|Any CPU
		{ACACEAAC-61B0-4FC9-AF3C-98C3708D5C84}.Release|x86.Build.0 = Release|Any CPU
		{A323A60E-2113-4AE7-AAD2-3F17766AE7B4}.Debug|Any CPU.ActiveCfg = Debug|Any CPU
		{A323A60E-2113-4AE7-AAD2-3F17766AE7B4}.Debug|Any CPU.Build.0 = Debug|Any CPU
		{A323A60E-2113-4AE7-AAD2-3F17766AE7B4}.Debug|x64.ActiveCfg = Debug|Any CPU
		{A323A60E-2113-4AE7-AAD2-3F17766AE7B4}.Debug|x64.Build.0 = Debug|Any CPU
		{A323A60E-2113-4AE7-AAD2-3F17766AE7B4}.Debug|x86.ActiveCfg = Debug|Any CPU
		{A323A60E-2113-4AE7-AAD2-3F17766AE7B4}.Debug|x86.Build.0 = Debug|Any CPU
		{A323A60E-2113-4AE7-AAD2-3F17766AE7B4}.Release|Any CPU.ActiveCfg = Release|Any CPU
		{A323A60E-2113-4AE7-AAD2-3F17766AE7B4}.Release|Any CPU.Build.0 = Release|Any CPU
		{A323A60E-2113-4AE7-AAD2-3F17766AE7B4}.Release|x64.ActiveCfg = Release|Any CPU
		{A323A60E-2113-4AE7-AAD2-3F17766AE7B4}.Release|x64.Build.0 = Release|Any CPU
		{A323A60E-2113-4AE7-AAD2-3F17766AE7B4}.Release|x86.ActiveCfg = Release|Any CPU
		{A323A60E-2113-4AE7-AAD2-3F17766AE7B4}.Release|x86.Build.0 = Release|Any CPU
	EndGlobalSection
	GlobalSection(SolutionProperties) = preSolution
		HideSolutionNode = FALSE
	EndGlobalSection
	GlobalSection(ExtensibilityGlobals) = postSolution
		SolutionGuid = {EA895995-95EA-4F0F-B185-BB5D8A62FF87}
	EndGlobalSection
EndGlobal
