
Microsoft Visual Studio Solution File, Format Version 12.00
# Visual Studio 15
VisualStudioVersion = 15.0.27703.2018
MinimumVisualStudioVersion = 10.0.40219.1
Project("{FAE04EC0-301F-11D3-BF4B-00C04F79EFBC}") = "CommonRescource", "CommonRescource\CommonRescource.csproj", "{CD29EE0E-6BE9-4A57-839F-1DA5F2ADC4BD}"
EndProject
Project("{FAE04EC0-301F-11D3-BF4B-00C04F79EFBC}") = "xml序列化", "xml序列化\xml序列化.csproj", "{BCD481D0-05EA-4135-AFA6-7F0F41425B4A}"
EndProject
Project("{FAE04EC0-301F-11D3-BF4B-00C04F79EFBC}") = "磁盘操作", "磁盘操作\磁盘操作.csproj", "{131C5FFB-6A93-4BA3-952C-0BCF564F0403}"
EndProject
Project("{FAE04EC0-301F-11D3-BF4B-00C04F79EFBC}") = "Blend", "Blend\Blend.csproj", "{4426A808-CF54-4CA5-A703-450322CFBFE5}"
EndProject
Project("{FAE04EC0-301F-11D3-BF4B-00C04F79EFBC}") = "Com.Zhang.Common", "Com.Zhang.Common\Com.Zhang.Common.csproj", "{103F8339-EDF3-400A-A643-98E18B0D5F8C}"
EndProject
Project("{FAE04EC0-301F-11D3-BF4B-00C04F79EFBC}") = "BlendBookDemo", "BlendBookDemo\BlendBookDemo.csproj", "{92A817BB-36FE-4BE1-83B8-E01447400489}"
EndProject
Project("{FAE04EC0-301F-11D3-BF4B-00C04F79EFBC}") = "wpf放大镜", "wpf放大镜\wpf放大镜.csproj", "{C7DF5F9A-3AD4-437E-8BFE-857D16E8BDE3}"
EndProject
Project("{FAE04EC0-301F-11D3-BF4B-00C04F79EFBC}") = "Wpf动画", "Wpf动画\Wpf动画.csproj", "{5C3957DD-A7BE-4ABA-93AE-092F718AE5EA}"
EndProject
Project("{FAE04EC0-301F-11D3-BF4B-00C04F79EFBC}") = "WpfCollectionDemo1", "WpfCollectionDemo1\WpfCollectionDemo1.csproj", "{34029E17-15CB-4379-A7F5-FF2811337DF9}"
EndProject
Project("{FAE04EC0-301F-11D3-BF4B-00C04F79EFBC}") = "TestModel", "TestModel\TestModel.csproj", "{761B72D0-6AE5-40CF-A7F6-63149DB55100}"
EndProject
Project("{FAE04EC0-301F-11D3-BF4B-00C04F79EFBC}") = "MVVM绑定", "MVVM绑定\MVVM绑定.csproj", "{65D90DBC-8C17-4387-B865-16973F329DCD}"
EndProject
Project("{FAE04EC0-301F-11D3-BF4B-00C04F79EFBC}") = "嵌入第三方应用程序", "嵌入第三方应用程序\嵌入第三方应用程序.csproj", "{D070DA3C-B9A7-4A01-9AD8-724F923076EA}"
EndProject
Project("{FAE04EC0-301F-11D3-BF4B-00C04F79EFBC}") = "多线程类型", "多线程类型\多线程类型.csproj", "{E3DD8963-910E-4BB3-95B5-C64747F67CEC}"
EndProject
Project("{FAE04EC0-301F-11D3-BF4B-00C04F79EFBC}") = "WPFControlMyself", "WPFControlMyself\WPFControlMyself.csproj", "{014690CD-BEB8-4A7B-847E-452357B37D04}"
EndProject
Project("{FAE04EC0-301F-11D3-BF4B-00C04F79EFBC}") = "UploadStatus", "UploadStatus\UploadStatus.csproj", "{30D61893-C0CE-4AF2-8E71-C2BBEDBFC85B}"
EndProject
Project("{FAE04EC0-301F-11D3-BF4B-00C04F79EFBC}") = "倒计时", "倒计时\倒计时.csproj", "{4627D6FC-DBDD-4513-9A61-5785108A1F68}"
EndProject
Project("{FAE04EC0-301F-11D3-BF4B-00C04F79EFBC}") = "MyStyle", "MyStyle\MyStyle.csproj", "{BE693AAE-1369-4404-8815-CDCDE8593DE8}"
EndProject
Project("{FAE04EC0-301F-11D3-BF4B-00C04F79EFBC}") = "自动升级", "自动升级\自动升级.csproj", "{35A874BC-A359-41CB-B998-94A4A34FDDFF}"
EndProject
Project("{FAE04EC0-301F-11D3-BF4B-00C04F79EFBC}") = "Tools", "Tools\Tools.csproj", "{7AEF891B-3182-4722-831B-B33C7DDF8EAF}"
EndProject
Project("{FAE04EC0-301F-11D3-BF4B-00C04F79EFBC}") = "TestConnection", "TestConnection\TestConnection.csproj", "{9A3C3E8F-9023-4FE5-A912-4AC28E4A912F}"
EndProject
Project("{FAE04EC0-301F-11D3-BF4B-00C04F79EFBC}") = "WpfDependencyDemo", "WpfDependencyDemo\WpfDependencyDemo.csproj", "{ACACEAAC-61B0-4FC9-AF3C-98C3708D5C84}"
EndProject
Project("{FAE04EC0-301F-11D3-BF4B-00C04F79EFBC}") = "OpenWrite", "OpenWrite\OpenWrite.csproj", "{966A8D84-2F91-41D8-80D3-184EC89830E7}"
EndProject
Project("{FAE04EC0-301F-11D3-BF4B-00C04F79EFBC}") = "MVVMLite", "MVVMLite\MVVMLite.csproj", "{C28D64C0-8FEB-4177-ACC8-DDA981A46BC3}"
EndProject
Project("{FAE04EC0-301F-11D3-BF4B-00C04F79EFBC}") = "WpfVideoCameraPlay", "WpfVideoCameraPlay\WpfVideoCameraPlay.csproj", "{994C50D9-280C-4A6B-9953-1C51695594FA}"
EndProject
Project("{FAE04EC0-301F-11D3-BF4B-00C04F79EFBC}") = "MystyleUserControl", "MystyleUserControl\MystyleUserControl.csproj", "{9C85F1AE-2FCA-48AF-AF9A-269DB8E5EE5C}"
EndProject
Project("{FAE04EC0-301F-11D3-BF4B-00C04F79EFBC}") = "WindowsSpeechTest", "WindowsSpeechTest\WindowsSpeechTest.csproj", "{9C2F9145-316F-4CE2-9897-EE9D57A6A3A4}"
EndProject
Project("{FAE04EC0-301F-11D3-BF4B-00C04F79EFBC}") = "NSpeex", "NSpeex\NSpeex.csproj", "{2BC7389D-32FE-4B53-8C0D-A1CAA7947161}"
EndProject
Project("{FAE04EC0-301F-11D3-BF4B-00C04F79EFBC}") = "Media", "Media\Media.csproj", "{75819C1C-712E-4B1C-9245-5486E27AE686}"
EndProject
Project("{2150E333-8FDC-42A3-9474-1A3956D46DE8}") = "语法类", "语法类", "{A66D8381-E1F4-448E-A343-6CC5ADED9635}"
EndProject
Project("{FAE04EC0-301F-11D3-BF4B-00C04F79EFBC}") = "GrammerDemo", "GrammerDemo\GrammerDemo.csproj", "{1B0F0190-DD0F-4EDF-AA86-AD1FAF7AFDE7}"
EndProject
Project("{FAE04EC0-301F-11D3-BF4B-00C04F79EFBC}") = "DownLoadUrlResource", "DownLoadUrlResource\DownLoadUrlResource.csproj", "{65B038EE-6163-406D-9985-5593A5DEA91B}"
EndProject
Project("{FAE04EC0-301F-11D3-BF4B-00C04F79EFBC}") = "DownLoadUrlResourceWinform", "DownLoadUrlResourceWinform\DownLoadUrlResourceWinform.csproj", "{76F1EBAB-F257-4D7D-A94F-B052BF2FE762}"
EndProject
Project("{2150E333-8FDC-42A3-9474-1A3956D46DE8}") = "DB", "DB", "{6314CECC-4028-417C-880E-23F4208F9CA9}"
EndProject
Project("{FAE04EC0-301F-11D3-BF4B-00C04F79EFBC}") = "EFSqlite", "EFSqlite\EFSqlite.csproj", "{F6F3C8E4-A68A-45E3-B510-6DFD3FA34E5B}"
EndProject
Project("{FAE04EC0-301F-11D3-BF4B-00C04F79EFBC}") = "TestCefMp4", "TestCefMp4\TestCefMp4.csproj", "{98137F9C-0986-429F-BD6A-36618E9C75D2}"
EndProject
Project("{2150E333-8FDC-42A3-9474-1A3956D46DE8}") = "框架类", "框架类", "{47E7F61A-0F63-402E-9995-5D206DF5B7DD}"
EndProject
Project("{2150E333-8FDC-42A3-9474-1A3956D46DE8}") = "SimpleIocMVVM", "SimpleIocMVVM", "{74EFD5EA-D951-4EDD-B0A2-4990B161BDB9}"
EndProject
Project("{FAE04EC0-301F-11D3-BF4B-00C04F79EFBC}") = "WpfSimpleIOCMvvm", "WpfSimpleIOCMvvm\WpfSimpleIOCMvvm.csproj", "{2F89CC05-A140-4187-8993-A232EE5E1257}"
EndProject
Global
	GlobalSection(SolutionConfigurationPlatforms) = preSolution
		Debug|Any CPU = Debug|Any CPU
		Debug|x64 = Debug|x64
		Debug|x86 = Debug|x86
		Release|Any CPU = Release|Any CPU
		Release|x64 = Release|x64
		Release|x86 = Release|x86
	EndGlobalSection
	GlobalSection(ProjectConfigurationPlatforms) = postSolution
		{CD29EE0E-6BE9-4A57-839F-1DA5F2ADC4BD}.Debug|Any CPU.ActiveCfg = Debug|Any CPU
		{CD29EE0E-6BE9-4A57-839F-1DA5F2ADC4BD}.Debug|Any CPU.Build.0 = Debug|Any CPU
		{CD29EE0E-6BE9-4A57-839F-1DA5F2ADC4BD}.Debug|x64.ActiveCfg = Debug|x64
		{CD29EE0E-6BE9-4A57-839F-1DA5F2ADC4BD}.Debug|x64.Build.0 = Debug|x64
		{CD29EE0E-6BE9-4A57-839F-1DA5F2ADC4BD}.Debug|x86.ActiveCfg = Debug|x86
		{CD29EE0E-6BE9-4A57-839F-1DA5F2ADC4BD}.Debug|x86.Build.0 = Debug|x86
		{CD29EE0E-6BE9-4A57-839F-1DA5F2ADC4BD}.Release|Any CPU.ActiveCfg = Release|Any CPU
		{CD29EE0E-6BE9-4A57-839F-1DA5F2ADC4BD}.Release|Any CPU.Build.0 = Release|Any CPU
		{CD29EE0E-6BE9-4A57-839F-1DA5F2ADC4BD}.Release|x64.ActiveCfg = Release|x64
		{CD29EE0E-6BE9-4A57-839F-1DA5F2ADC4BD}.Release|x64.Build.0 = Release|x64
		{CD29EE0E-6BE9-4A57-839F-1DA5F2ADC4BD}.Release|x86.ActiveCfg = Release|x86
		{CD29EE0E-6BE9-4A57-839F-1DA5F2ADC4BD}.Release|x86.Build.0 = Release|x86
		{BCD481D0-05EA-4135-AFA6-7F0F41425B4A}.Debug|Any CPU.ActiveCfg = Debug|Any CPU
		{BCD481D0-05EA-4135-AFA6-7F0F41425B4A}.Debug|Any CPU.Build.0 = Debug|Any CPU
		{BCD481D0-05EA-4135-AFA6-7F0F41425B4A}.Debug|x64.ActiveCfg = Debug|x64
		{BCD481D0-05EA-4135-AFA6-7F0F41425B4A}.Debug|x64.Build.0 = Debug|x64
		{BCD481D0-05EA-4135-AFA6-7F0F41425B4A}.Debug|x86.ActiveCfg = Debug|x86
		{BCD481D0-05EA-4135-AFA6-7F0F41425B4A}.Debug|x86.Build.0 = Debug|x86
		{BCD481D0-05EA-4135-AFA6-7F0F41425B4A}.Release|Any CPU.ActiveCfg = Release|Any CPU
		{BCD481D0-05EA-4135-AFA6-7F0F41425B4A}.Release|Any CPU.Build.0 = Release|Any CPU
		{BCD481D0-05EA-4135-AFA6-7F0F41425B4A}.Release|x64.ActiveCfg = Release|x64
		{BCD481D0-05EA-4135-AFA6-7F0F41425B4A}.Release|x64.Build.0 = Release|x64
		{BCD481D0-05EA-4135-AFA6-7F0F41425B4A}.Release|x86.ActiveCfg = Release|x86
		{BCD481D0-05EA-4135-AFA6-7F0F41425B4A}.Release|x86.Build.0 = Release|x86
		{131C5FFB-6A93-4BA3-952C-0BCF564F0403}.Debug|Any CPU.ActiveCfg = Debug|Any CPU
		{131C5FFB-6A93-4BA3-952C-0BCF564F0403}.Debug|Any CPU.Build.0 = Debug|Any CPU
		{131C5FFB-6A93-4BA3-952C-0BCF564F0403}.Debug|x64.ActiveCfg = Debug|x64
		{131C5FFB-6A93-4BA3-952C-0BCF564F0403}.Debug|x64.Build.0 = Debug|x64
		{131C5FFB-6A93-4BA3-952C-0BCF564F0403}.Debug|x86.ActiveCfg = Debug|x86
		{131C5FFB-6A93-4BA3-952C-0BCF564F0403}.Debug|x86.Build.0 = Debug|x86
		{131C5FFB-6A93-4BA3-952C-0BCF564F0403}.Release|Any CPU.ActiveCfg = Release|Any CPU
		{131C5FFB-6A93-4BA3-952C-0BCF564F0403}.Release|Any CPU.Build.0 = Release|Any CPU
		{131C5FFB-6A93-4BA3-952C-0BCF564F0403}.Release|x64.ActiveCfg = Release|x64
		{131C5FFB-6A93-4BA3-952C-0BCF564F0403}.Release|x64.Build.0 = Release|x64
		{131C5FFB-6A93-4BA3-952C-0BCF564F0403}.Release|x86.ActiveCfg = Release|x86
		{131C5FFB-6A93-4BA3-952C-0BCF564F0403}.Release|x86.Build.0 = Release|x86
		{4426A808-CF54-4CA5-A703-450322CFBFE5}.Debug|Any CPU.ActiveCfg = Debug|Any CPU
		{4426A808-CF54-4CA5-A703-450322CFBFE5}.Debug|Any CPU.Build.0 = Debug|Any CPU
		{4426A808-CF54-4CA5-A703-450322CFBFE5}.Debug|x64.ActiveCfg = Debug|x64
		{4426A808-CF54-4CA5-A703-450322CFBFE5}.Debug|x64.Build.0 = Debug|x64
		{4426A808-CF54-4CA5-A703-450322CFBFE5}.Debug|x86.ActiveCfg = Debug|x86
		{4426A808-CF54-4CA5-A703-450322CFBFE5}.Debug|x86.Build.0 = Debug|x86
		{4426A808-CF54-4CA5-A703-450322CFBFE5}.Release|Any CPU.ActiveCfg = Release|Any CPU
		{4426A808-CF54-4CA5-A703-450322CFBFE5}.Release|Any CPU.Build.0 = Release|Any CPU
		{4426A808-CF54-4CA5-A703-450322CFBFE5}.Release|x64.ActiveCfg = Release|x64
		{4426A808-CF54-4CA5-A703-450322CFBFE5}.Release|x64.Build.0 = Release|x64
		{4426A808-CF54-4CA5-A703-450322CFBFE5}.Release|x86.ActiveCfg = Release|x86
		{4426A808-CF54-4CA5-A703-450322CFBFE5}.Release|x86.Build.0 = Release|x86
		{103F8339-EDF3-400A-A643-98E18B0D5F8C}.Debug|Any CPU.ActiveCfg = Debug|Any CPU
		{103F8339-EDF3-400A-A643-98E18B0D5F8C}.Debug|Any CPU.Build.0 = Debug|Any CPU
		{103F8339-EDF3-400A-A643-98E18B0D5F8C}.Debug|x64.ActiveCfg = Debug|x64
		{103F8339-EDF3-400A-A643-98E18B0D5F8C}.Debug|x64.Build.0 = Debug|x64
		{103F8339-EDF3-400A-A643-98E18B0D5F8C}.Debug|x86.ActiveCfg = Debug|x86
		{103F8339-EDF3-400A-A643-98E18B0D5F8C}.Debug|x86.Build.0 = Debug|x86
		{103F8339-EDF3-400A-A643-98E18B0D5F8C}.Release|Any CPU.ActiveCfg = Release|Any CPU
		{103F8339-EDF3-400A-A643-98E18B0D5F8C}.Release|Any CPU.Build.0 = Release|Any CPU
		{103F8339-EDF3-400A-A643-98E18B0D5F8C}.Release|x64.ActiveCfg = Release|x64
		{103F8339-EDF3-400A-A643-98E18B0D5F8C}.Release|x64.Build.0 = Release|x64
		{103F8339-EDF3-400A-A643-98E18B0D5F8C}.Release|x86.ActiveCfg = Release|x86
		{103F8339-EDF3-400A-A643-98E18B0D5F8C}.Release|x86.Build.0 = Release|x86
		{92A817BB-36FE-4BE1-83B8-E01447400489}.Debug|Any CPU.ActiveCfg = Debug|Any CPU
		{92A817BB-36FE-4BE1-83B8-E01447400489}.Debug|Any CPU.Build.0 = Debug|Any CPU
		{92A817BB-36FE-4BE1-83B8-E01447400489}.Debug|x64.ActiveCfg = Debug|x64
		{92A817BB-36FE-4BE1-83B8-E01447400489}.Debug|x64.Build.0 = Debug|x64
		{92A817BB-36FE-4BE1-83B8-E01447400489}.Debug|x86.ActiveCfg = Debug|x86
		{92A817BB-36FE-4BE1-83B8-E01447400489}.Debug|x86.Build.0 = Debug|x86
		{92A817BB-36FE-4BE1-83B8-E01447400489}.Release|Any CPU.ActiveCfg = Release|Any CPU
		{92A817BB-36FE-4BE1-83B8-E01447400489}.Release|Any CPU.Build.0 = Release|Any CPU
		{92A817BB-36FE-4BE1-83B8-E01447400489}.Release|x64.ActiveCfg = Release|x64
		{92A817BB-36FE-4BE1-83B8-E01447400489}.Release|x64.Build.0 = Release|x64
		{92A817BB-36FE-4BE1-83B8-E01447400489}.Release|x86.ActiveCfg = Release|x86
		{92A817BB-36FE-4BE1-83B8-E01447400489}.Release|x86.Build.0 = Release|x86
		{C7DF5F9A-3AD4-437E-8BFE-857D16E8BDE3}.Debug|Any CPU.ActiveCfg = Debug|Any CPU
		{C7DF5F9A-3AD4-437E-8BFE-857D16E8BDE3}.Debug|Any CPU.Build.0 = Debug|Any CPU
		{C7DF5F9A-3AD4-437E-8BFE-857D16E8BDE3}.Debug|x64.ActiveCfg = Debug|x64
		{C7DF5F9A-3AD4-437E-8BFE-857D16E8BDE3}.Debug|x64.Build.0 = Debug|x64
		{C7DF5F9A-3AD4-437E-8BFE-857D16E8BDE3}.Debug|x86.ActiveCfg = Debug|x86
		{C7DF5F9A-3AD4-437E-8BFE-857D16E8BDE3}.Debug|x86.Build.0 = Debug|x86
		{C7DF5F9A-3AD4-437E-8BFE-857D16E8BDE3}.Release|Any CPU.ActiveCfg = Release|Any CPU
		{C7DF5F9A-3AD4-437E-8BFE-857D16E8BDE3}.Release|Any CPU.Build.0 = Release|Any CPU
		{C7DF5F9A-3AD4-437E-8BFE-857D16E8BDE3}.Release|x64.ActiveCfg = Release|x64
		{C7DF5F9A-3AD4-437E-8BFE-857D16E8BDE3}.Release|x64.Build.0 = Release|x64
		{C7DF5F9A-3AD4-437E-8BFE-857D16E8BDE3}.Release|x86.ActiveCfg = Release|x86
		{C7DF5F9A-3AD4-437E-8BFE-857D16E8BDE3}.Release|x86.Build.0 = Release|x86
		{5C3957DD-A7BE-4ABA-93AE-092F718AE5EA}.Debug|Any CPU.ActiveCfg = Debug|Any CPU
		{5C3957DD-A7BE-4ABA-93AE-092F718AE5EA}.Debug|Any CPU.Build.0 = Debug|Any CPU
		{5C3957DD-A7BE-4ABA-93AE-092F718AE5EA}.Debug|x64.ActiveCfg = Debug|x64
		{5C3957DD-A7BE-4ABA-93AE-092F718AE5EA}.Debug|x64.Build.0 = Debug|x64
		{5C3957DD-A7BE-4ABA-93AE-092F718AE5EA}.Debug|x86.ActiveCfg = Debug|x86
		{5C3957DD-A7BE-4ABA-93AE-092F718AE5EA}.Debug|x86.Build.0 = Debug|x86
		{5C3957DD-A7BE-4ABA-93AE-092F718AE5EA}.Release|Any CPU.ActiveCfg = Release|Any CPU
		{5C3957DD-A7BE-4ABA-93AE-092F718AE5EA}.Release|Any CPU.Build.0 = Release|Any CPU
		{5C3957DD-A7BE-4ABA-93AE-092F718AE5EA}.Release|x64.ActiveCfg = Release|x64
		{5C3957DD-A7BE-4ABA-93AE-092F718AE5EA}.Release|x64.Build.0 = Release|x64
		{5C3957DD-A7BE-4ABA-93AE-092F718AE5EA}.Release|x86.ActiveCfg = Release|x86
		{5C3957DD-A7BE-4ABA-93AE-092F718AE5EA}.Release|x86.Build.0 = Release|x86
		{34029E17-15CB-4379-A7F5-FF2811337DF9}.Debug|Any CPU.ActiveCfg = Debug|Any CPU
		{34029E17-15CB-4379-A7F5-FF2811337DF9}.Debug|Any CPU.Build.0 = Debug|Any CPU
		{34029E17-15CB-4379-A7F5-FF2811337DF9}.Debug|x64.ActiveCfg = Debug|x64
		{34029E17-15CB-4379-A7F5-FF2811337DF9}.Debug|x64.Build.0 = Debug|x64
		{34029E17-15CB-4379-A7F5-FF2811337DF9}.Debug|x86.ActiveCfg = Debug|x86
		{34029E17-15CB-4379-A7F5-FF2811337DF9}.Debug|x86.Build.0 = Debug|x86
		{34029E17-15CB-4379-A7F5-FF2811337DF9}.Release|Any CPU.ActiveCfg = Release|Any CPU
		{34029E17-15CB-4379-A7F5-FF2811337DF9}.Release|Any CPU.Build.0 = Release|Any CPU
		{34029E17-15CB-4379-A7F5-FF2811337DF9}.Release|x64.ActiveCfg = Release|x64
		{34029E17-15CB-4379-A7F5-FF2811337DF9}.Release|x64.Build.0 = Release|x64
		{34029E17-15CB-4379-A7F5-FF2811337DF9}.Release|x86.ActiveCfg = Release|x86
		{34029E17-15CB-4379-A7F5-FF2811337DF9}.Release|x86.Build.0 = Release|x86
		{761B72D0-6AE5-40CF-A7F6-63149DB55100}.Debug|Any CPU.ActiveCfg = Debug|Any CPU
		{761B72D0-6AE5-40CF-A7F6-63149DB55100}.Debug|Any CPU.Build.0 = Debug|Any CPU
		{761B72D0-6AE5-40CF-A7F6-63149DB55100}.Debug|x64.ActiveCfg = Debug|x64
		{761B72D0-6AE5-40CF-A7F6-63149DB55100}.Debug|x64.Build.0 = Debug|x64
		{761B72D0-6AE5-40CF-A7F6-63149DB55100}.Debug|x86.ActiveCfg = Debug|x86
		{761B72D0-6AE5-40CF-A7F6-63149DB55100}.Debug|x86.Build.0 = Debug|x86
		{761B72D0-6AE5-40CF-A7F6-63149DB55100}.Release|Any CPU.ActiveCfg = Release|Any CPU
		{761B72D0-6AE5-40CF-A7F6-63149DB55100}.Release|Any CPU.Build.0 = Release|Any CPU
		{761B72D0-6AE5-40CF-A7F6-63149DB55100}.Release|x64.ActiveCfg = Release|x64
		{761B72D0-6AE5-40CF-A7F6-63149DB55100}.Release|x64.Build.0 = Release|x64
		{761B72D0-6AE5-40CF-A7F6-63149DB55100}.Release|x86.ActiveCfg = Release|x86
		{761B72D0-6AE5-40CF-A7F6-63149DB55100}.Release|x86.Build.0 = Release|x86
		{65D90DBC-8C17-4387-B865-16973F329DCD}.Debug|Any CPU.ActiveCfg = Debug|Any CPU
		{65D90DBC-8C17-4387-B865-16973F329DCD}.Debug|Any CPU.Build.0 = Debug|Any CPU
		{65D90DBC-8C17-4387-B865-16973F329DCD}.Debug|x64.ActiveCfg = Debug|x64
		{65D90DBC-8C17-4387-B865-16973F329DCD}.Debug|x64.Build.0 = Debug|x64
		{65D90DBC-8C17-4387-B865-16973F329DCD}.Debug|x86.ActiveCfg = Debug|x86
		{65D90DBC-8C17-4387-B865-16973F329DCD}.Debug|x86.Build.0 = Debug|x86
		{65D90DBC-8C17-4387-B865-16973F329DCD}.Release|Any CPU.ActiveCfg = Release|Any CPU
		{65D90DBC-8C17-4387-B865-16973F329DCD}.Release|Any CPU.Build.0 = Release|Any CPU
		{65D90DBC-8C17-4387-B865-16973F329DCD}.Release|x64.ActiveCfg = Release|x64
		{65D90DBC-8C17-4387-B865-16973F329DCD}.Release|x64.Build.0 = Release|x64
		{65D90DBC-8C17-4387-B865-16973F329DCD}.Release|x86.ActiveCfg = Release|x86
		{65D90DBC-8C17-4387-B865-16973F329DCD}.Release|x86.Build.0 = Release|x86
		{D070DA3C-B9A7-4A01-9AD8-724F923076EA}.Debug|Any CPU.ActiveCfg = Debug|Any CPU
		{D070DA3C-B9A7-4A01-9AD8-724F923076EA}.Debug|Any CPU.Build.0 = Debug|Any CPU
		{D070DA3C-B9A7-4A01-9AD8-724F923076EA}.Debug|x64.ActiveCfg = Debug|Any CPU
		{D070DA3C-B9A7-4A01-9AD8-724F923076EA}.Debug|x64.Build.0 = Debug|Any CPU
		{D070DA3C-B9A7-4A01-9AD8-724F923076EA}.Debug|x86.ActiveCfg = Debug|Any CPU
		{D070DA3C-B9A7-4A01-9AD8-724F923076EA}.Debug|x86.Build.0 = Debug|Any CPU
		{D070DA3C-B9A7-4A01-9AD8-724F923076EA}.Release|Any CPU.ActiveCfg = Release|Any CPU
		{D070DA3C-B9A7-4A01-9AD8-724F923076EA}.Release|Any CPU.Build.0 = Release|Any CPU
		{D070DA3C-B9A7-4A01-9AD8-724F923076EA}.Release|x64.ActiveCfg = Release|Any CPU
		{D070DA3C-B9A7-4A01-9AD8-724F923076EA}.Release|x64.Build.0 = Release|Any CPU
		{D070DA3C-B9A7-4A01-9AD8-724F923076EA}.Release|x86.ActiveCfg = Release|Any CPU
		{D070DA3C-B9A7-4A01-9AD8-724F923076EA}.Release|x86.Build.0 = Release|Any CPU
		{E3DD8963-910E-4BB3-95B5-C64747F67CEC}.Debug|Any CPU.ActiveCfg = Debug|Any CPU
		{E3DD8963-910E-4BB3-95B5-C64747F67CEC}.Debug|Any CPU.Build.0 = Debug|Any CPU
		{E3DD8963-910E-4BB3-95B5-C64747F67CEC}.Debug|x64.ActiveCfg = Debug|Any CPU
		{E3DD8963-910E-4BB3-95B5-C64747F67CEC}.Debug|x64.Build.0 = Debug|Any CPU
		{E3DD8963-910E-4BB3-95B5-C64747F67CEC}.Debug|x86.ActiveCfg = Debug|Any CPU
		{E3DD8963-910E-4BB3-95B5-C64747F67CEC}.Debug|x86.Build.0 = Debug|Any CPU
		{E3DD8963-910E-4BB3-95B5-C64747F67CEC}.Release|Any CPU.ActiveCfg = Release|Any CPU
		{E3DD8963-910E-4BB3-95B5-C64747F67CEC}.Release|Any CPU.Build.0 = Release|Any CPU
		{E3DD8963-910E-4BB3-95B5-C64747F67CEC}.Release|x64.ActiveCfg = Release|Any CPU
		{E3DD8963-910E-4BB3-95B5-C64747F67CEC}.Release|x64.Build.0 = Release|Any CPU
		{E3DD8963-910E-4BB3-95B5-C64747F67CEC}.Release|x86.ActiveCfg = Release|Any CPU
		{E3DD8963-910E-4BB3-95B5-C64747F67CEC}.Release|x86.Build.0 = Release|Any CPU
		{014690CD-BEB8-4A7B-847E-452357B37D04}.Debug|Any CPU.ActiveCfg = Debug|Any CPU
		{014690CD-BEB8-4A7B-847E-452357B37D04}.Debug|Any CPU.Build.0 = Debug|Any CPU
		{014690CD-BEB8-4A7B-847E-452357B37D04}.Debug|x64.ActiveCfg = Debug|Any CPU
		{014690CD-BEB8-4A7B-847E-452357B37D04}.Debug|x64.Build.0 = Debug|Any CPU
		{014690CD-BEB8-4A7B-847E-452357B37D04}.Debug|x86.ActiveCfg = Debug|Any CPU
		{014690CD-BEB8-4A7B-847E-452357B37D04}.Debug|x86.Build.0 = Debug|Any CPU
		{014690CD-BEB8-4A7B-847E-452357B37D04}.Release|Any CPU.ActiveCfg = Release|Any CPU
		{014690CD-BEB8-4A7B-847E-452357B37D04}.Release|Any CPU.Build.0 = Release|Any CPU
		{014690CD-BEB8-4A7B-847E-452357B37D04}.Release|x64.ActiveCfg = Release|Any CPU
		{014690CD-BEB8-4A7B-847E-452357B37D04}.Release|x64.Build.0 = Release|Any CPU
		{014690CD-BEB8-4A7B-847E-452357B37D04}.Release|x86.ActiveCfg = Release|Any CPU
		{014690CD-BEB8-4A7B-847E-452357B37D04}.Release|x86.Build.0 = Release|Any CPU
		{30D61893-C0CE-4AF2-8E71-C2BBEDBFC85B}.Debug|Any CPU.ActiveCfg = Debug|Any CPU
		{30D61893-C0CE-4AF2-8E71-C2BBEDBFC85B}.Debug|Any CPU.Build.0 = Debug|Any CPU
		{30D61893-C0CE-4AF2-8E71-C2BBEDBFC85B}.Debug|x64.ActiveCfg = Debug|Any CPU
		{30D61893-C0CE-4AF2-8E71-C2BBEDBFC85B}.Debug|x64.Build.0 = Debug|Any CPU
		{30D61893-C0CE-4AF2-8E71-C2BBEDBFC85B}.Debug|x86.ActiveCfg = Debug|Any CPU
		{30D61893-C0CE-4AF2-8E71-C2BBEDBFC85B}.Debug|x86.Build.0 = Debug|Any CPU
		{30D61893-C0CE-4AF2-8E71-C2BBEDBFC85B}.Release|Any CPU.ActiveCfg = Release|Any CPU
		{30D61893-C0CE-4AF2-8E71-C2BBEDBFC85B}.Release|Any CPU.Build.0 = Release|Any CPU
		{30D61893-C0CE-4AF2-8E71-C2BBEDBFC85B}.Release|x64.ActiveCfg = Release|Any CPU
		{30D61893-C0CE-4AF2-8E71-C2BBEDBFC85B}.Release|x64.Build.0 = Release|Any CPU
		{30D61893-C0CE-4AF2-8E71-C2BBEDBFC85B}.Release|x86.ActiveCfg = Release|Any CPU
		{30D61893-C0CE-4AF2-8E71-C2BBEDBFC85B}.Release|x86.Build.0 = Release|Any CPU
		{4627D6FC-DBDD-4513-9A61-5785108A1F68}.Debug|Any CPU.ActiveCfg = Debug|Any CPU
		{4627D6FC-DBDD-4513-9A61-5785108A1F68}.Debug|Any CPU.Build.0 = Debug|Any CPU
		{4627D6FC-DBDD-4513-9A61-5785108A1F68}.Debug|x64.ActiveCfg = Debug|Any CPU
		{4627D6FC-DBDD-4513-9A61-5785108A1F68}.Debug|x64.Build.0 = Debug|Any CPU
		{4627D6FC-DBDD-4513-9A61-5785108A1F68}.Debug|x86.ActiveCfg = Debug|Any CPU
		{4627D6FC-DBDD-4513-9A61-5785108A1F68}.Debug|x86.Build.0 = Debug|Any CPU
		{4627D6FC-DBDD-4513-9A61-5785108A1F68}.Release|Any CPU.ActiveCfg = Release|Any CPU
		{4627D6FC-DBDD-4513-9A61-5785108A1F68}.Release|Any CPU.Build.0 = Release|Any CPU
		{4627D6FC-DBDD-4513-9A61-5785108A1F68}.Release|x64.ActiveCfg = Release|Any CPU
		{4627D6FC-DBDD-4513-9A61-5785108A1F68}.Release|x64.Build.0 = Release|Any CPU
		{4627D6FC-DBDD-4513-9A61-5785108A1F68}.Release|x86.ActiveCfg = Release|Any CPU
		{4627D6FC-DBDD-4513-9A61-5785108A1F68}.Release|x86.Build.0 = Release|Any CPU
		{BE693AAE-1369-4404-8815-CDCDE8593DE8}.Debug|Any CPU.ActiveCfg = Debug|Any CPU
		{BE693AAE-1369-4404-8815-CDCDE8593DE8}.Debug|Any CPU.Build.0 = Debug|Any CPU
		{BE693AAE-1369-4404-8815-CDCDE8593DE8}.Debug|x64.ActiveCfg = Debug|Any CPU
		{BE693AAE-1369-4404-8815-CDCDE8593DE8}.Debug|x64.Build.0 = Debug|Any CPU
		{BE693AAE-1369-4404-8815-CDCDE8593DE8}.Debug|x86.ActiveCfg = Debug|Any CPU
		{BE693AAE-1369-4404-8815-CDCDE8593DE8}.Debug|x86.Build.0 = Debug|Any CPU
		{BE693AAE-1369-4404-8815-CDCDE8593DE8}.Release|Any CPU.ActiveCfg = Release|Any CPU
		{BE693AAE-1369-4404-8815-CDCDE8593DE8}.Release|Any CPU.Build.0 = Release|Any CPU
		{BE693AAE-1369-4404-8815-CDCDE8593DE8}.Release|x64.ActiveCfg = Release|Any CPU
		{BE693AAE-1369-4404-8815-CDCDE8593DE8}.Release|x64.Build.0 = Release|Any CPU
		{BE693AAE-1369-4404-8815-CDCDE8593DE8}.Release|x86.ActiveCfg = Release|Any CPU
		{BE693AAE-1369-4404-8815-CDCDE8593DE8}.Release|x86.Build.0 = Release|Any CPU
		{35A874BC-A359-41CB-B998-94A4A34FDDFF}.Debug|Any CPU.ActiveCfg = Debug|Any CPU
		{35A874BC-A359-41CB-B998-94A4A34FDDFF}.Debug|Any CPU.Build.0 = Debug|Any CPU
		{35A874BC-A359-41CB-B998-94A4A34FDDFF}.Debug|x64.ActiveCfg = Debug|Any CPU
		{35A874BC-A359-41CB-B998-94A4A34FDDFF}.Debug|x64.Build.0 = Debug|Any CPU
		{35A874BC-A359-41CB-B998-94A4A34FDDFF}.Debug|x86.ActiveCfg = Debug|Any CPU
		{35A874BC-A359-41CB-B998-94A4A34FDDFF}.Debug|x86.Build.0 = Debug|Any CPU
		{35A874BC-A359-41CB-B998-94A4A34FDDFF}.Release|Any CPU.ActiveCfg = Release|Any CPU
		{35A874BC-A359-41CB-B998-94A4A34FDDFF}.Release|Any CPU.Build.0 = Release|Any CPU
		{35A874BC-A359-41CB-B998-94A4A34FDDFF}.Release|x64.ActiveCfg = Release|Any CPU
		{35A874BC-A359-41CB-B998-94A4A34FDDFF}.Release|x64.Build.0 = Release|Any CPU
		{35A874BC-A359-41CB-B998-94A4A34FDDFF}.Release|x86.ActiveCfg = Release|Any CPU
		{35A874BC-A359-41CB-B998-94A4A34FDDFF}.Release|x86.Build.0 = Release|Any CPU
		{7AEF891B-3182-4722-831B-B33C7DDF8EAF}.Debug|Any CPU.ActiveCfg = Debug|Any CPU
		{7AEF891B-3182-4722-831B-B33C7DDF8EAF}.Debug|Any CPU.Build.0 = Debug|Any CPU
		{7AEF891B-3182-4722-831B-B33C7DDF8EAF}.Debug|x64.ActiveCfg = Debug|Any CPU
		{7AEF891B-3182-4722-831B-B33C7DDF8EAF}.Debug|x64.Build.0 = Debug|Any CPU
		{7AEF891B-3182-4722-831B-B33C7DDF8EAF}.Debug|x86.ActiveCfg = Debug|Any CPU
		{7AEF891B-3182-4722-831B-B33C7DDF8EAF}.Debug|x86.Build.0 = Debug|Any CPU
		{7AEF891B-3182-4722-831B-B33C7DDF8EAF}.Release|Any CPU.ActiveCfg = Release|Any CPU
		{7AEF891B-3182-4722-831B-B33C7DDF8EAF}.Release|Any CPU.Build.0 = Release|Any CPU
		{7AEF891B-3182-4722-831B-B33C7DDF8EAF}.Release|x64.ActiveCfg = Release|Any CPU
		{7AEF891B-3182-4722-831B-B33C7DDF8EAF}.Release|x64.Build.0 = Release|Any CPU
		{7AEF891B-3182-4722-831B-B33C7DDF8EAF}.Release|x86.ActiveCfg = Release|Any CPU
		{7AEF891B-3182-4722-831B-B33C7DDF8EAF}.Release|x86.Build.0 = Release|Any CPU
		{9A3C3E8F-9023-4FE5-A912-4AC28E4A912F}.Debug|Any CPU.ActiveCfg = Debug|Any CPU
		{9A3C3E8F-9023-4FE5-A912-4AC28E4A912F}.Debug|Any CPU.Build.0 = Debug|Any CPU
		{9A3C3E8F-9023-4FE5-A912-4AC28E4A912F}.Debug|x64.ActiveCfg = Debug|Any CPU
		{9A3C3E8F-9023-4FE5-A912-4AC28E4A912F}.Debug|x64.Build.0 = Debug|Any CPU
		{9A3C3E8F-9023-4FE5-A912-4AC28E4A912F}.Debug|x86.ActiveCfg = Debug|Any CPU
		{9A3C3E8F-9023-4FE5-A912-4AC28E4A912F}.Debug|x86.Build.0 = Debug|Any CPU
		{9A3C3E8F-9023-4FE5-A912-4AC28E4A912F}.Release|Any CPU.ActiveCfg = Release|Any CPU
		{9A3C3E8F-9023-4FE5-A912-4AC28E4A912F}.Release|Any CPU.Build.0 = Release|Any CPU
		{9A3C3E8F-9023-4FE5-A912-4AC28E4A912F}.Release|x64.ActiveCfg = Release|Any CPU
		{9A3C3E8F-9023-4FE5-A912-4AC28E4A912F}.Release|x64.Build.0 = Release|Any CPU
		{9A3C3E8F-9023-4FE5-A912-4AC28E4A912F}.Release|x86.ActiveCfg = Release|Any CPU
		{9A3C3E8F-9023-4FE5-A912-4AC28E4A912F}.Release|x86.Build.0 = Release|Any CPU
		{ACACEAAC-61B0-4FC9-AF3C-98C3708D5C84}.Debug|Any CPU.ActiveCfg = Debug|Any CPU
		{ACACEAAC-61B0-4FC9-AF3C-98C3708D5C84}.Debug|Any CPU.Build.0 = Debug|Any CPU
		{ACACEAAC-61B0-4FC9-AF3C-98C3708D5C84}.Debug|x64.ActiveCfg = Debug|Any CPU
		{ACACEAAC-61B0-4FC9-AF3C-98C3708D5C84}.Debug|x64.Build.0 = Debug|Any CPU
		{ACACEAAC-61B0-4FC9-AF3C-98C3708D5C84}.Debug|x86.ActiveCfg = Debug|Any CPU
		{ACACEAAC-61B0-4FC9-AF3C-98C3708D5C84}.Debug|x86.Build.0 = Debug|Any CPU
		{ACACEAAC-61B0-4FC9-AF3C-98C3708D5C84}.Release|Any CPU.ActiveCfg = Release|Any CPU
		{ACACEAAC-61B0-4FC9-AF3C-98C3708D5C84}.Release|Any CPU.Build.0 = Release|Any CPU
		{ACACEAAC-61B0-4FC9-AF3C-98C3708D5C84}.Release|x64.ActiveCfg = Release|Any CPU
		{ACACEAAC-61B0-4FC9-AF3C-98C3708D5C84}.Release|x64.Build.0 = Release|Any CPU
		{ACACEAAC-61B0-4FC9-AF3C-98C3708D5C84}.Release|x86.ActiveCfg = Release|Any CPU
		{ACACEAAC-61B0-4FC9-AF3C-98C3708D5C84}.Release|x86.Build.0 = Release|Any CPU
		{966A8D84-2F91-41D8-80D3-184EC89830E7}.Debug|Any CPU.ActiveCfg = Debug|Any CPU
		{966A8D84-2F91-41D8-80D3-184EC89830E7}.Debug|Any CPU.Build.0 = Debug|Any CPU
		{966A8D84-2F91-41D8-80D3-184EC89830E7}.Debug|x64.ActiveCfg = Debug|Any CPU
		{966A8D84-2F91-41D8-80D3-184EC89830E7}.Debug|x64.Build.0 = Debug|Any CPU
		{966A8D84-2F91-41D8-80D3-184EC89830E7}.Debug|x86.ActiveCfg = Debug|Any CPU
		{966A8D84-2F91-41D8-80D3-184EC89830E7}.Debug|x86.Build.0 = Debug|Any CPU
		{966A8D84-2F91-41D8-80D3-184EC89830E7}.Release|Any CPU.ActiveCfg = Release|Any CPU
		{966A8D84-2F91-41D8-80D3-184EC89830E7}.Release|Any CPU.Build.0 = Release|Any CPU
		{966A8D84-2F91-41D8-80D3-184EC89830E7}.Release|x64.ActiveCfg = Release|Any CPU
		{966A8D84-2F91-41D8-80D3-184EC89830E7}.Release|x64.Build.0 = Release|Any CPU
		{966A8D84-2F91-41D8-80D3-184EC89830E7}.Release|x86.ActiveCfg = Release|Any CPU
		{966A8D84-2F91-41D8-80D3-184EC89830E7}.Release|x86.Build.0 = Release|Any CPU
		{C28D64C0-8FEB-4177-ACC8-DDA981A46BC3}.Debug|Any CPU.ActiveCfg = Debug|Any CPU
		{C28D64C0-8FEB-4177-ACC8-DDA981A46BC3}.Debug|Any CPU.Build.0 = Debug|Any CPU
		{C28D64C0-8FEB-4177-ACC8-DDA981A46BC3}.Debug|x64.ActiveCfg = Debug|Any CPU
		{C28D64C0-8FEB-4177-ACC8-DDA981A46BC3}.Debug|x64.Build.0 = Debug|Any CPU
		{C28D64C0-8FEB-4177-ACC8-DDA981A46BC3}.Debug|x86.ActiveCfg = Debug|Any CPU
		{C28D64C0-8FEB-4177-ACC8-DDA981A46BC3}.Debug|x86.Build.0 = Debug|Any CPU
		{C28D64C0-8FEB-4177-ACC8-DDA981A46BC3}.Release|Any CPU.ActiveCfg = Release|Any CPU
		{C28D64C0-8FEB-4177-ACC8-DDA981A46BC3}.Release|Any CPU.Build.0 = Release|Any CPU
		{C28D64C0-8FEB-4177-ACC8-DDA981A46BC3}.Release|x64.ActiveCfg = Release|Any CPU
		{C28D64C0-8FEB-4177-ACC8-DDA981A46BC3}.Release|x64.Build.0 = Release|Any CPU
		{C28D64C0-8FEB-4177-ACC8-DDA981A46BC3}.Release|x86.ActiveCfg = Release|Any CPU
		{C28D64C0-8FEB-4177-ACC8-DDA981A46BC3}.Release|x86.Build.0 = Release|Any CPU
		{994C50D9-280C-4A6B-9953-1C51695594FA}.Debug|Any CPU.ActiveCfg = Debug|Any CPU
		{994C50D9-280C-4A6B-9953-1C51695594FA}.Debug|Any CPU.Build.0 = Debug|Any CPU
		{994C50D9-280C-4A6B-9953-1C51695594FA}.Debug|x64.ActiveCfg = Debug|Any CPU
		{994C50D9-280C-4A6B-9953-1C51695594FA}.Debug|x64.Build.0 = Debug|Any CPU
		{994C50D9-280C-4A6B-9953-1C51695594FA}.Debug|x86.ActiveCfg = Debug|Any CPU
		{994C50D9-280C-4A6B-9953-1C51695594FA}.Debug|x86.Build.0 = Debug|Any CPU
		{994C50D9-280C-4A6B-9953-1C51695594FA}.Release|Any CPU.ActiveCfg = Release|Any CPU
		{994C50D9-280C-4A6B-9953-1C51695594FA}.Release|Any CPU.Build.0 = Release|Any CPU
		{994C50D9-280C-4A6B-9953-1C51695594FA}.Release|x64.ActiveCfg = Release|Any CPU
		{994C50D9-280C-4A6B-9953-1C51695594FA}.Release|x64.Build.0 = Release|Any CPU
		{994C50D9-280C-4A6B-9953-1C51695594FA}.Release|x86.ActiveCfg = Release|Any CPU
		{994C50D9-280C-4A6B-9953-1C51695594FA}.Release|x86.Build.0 = Release|Any CPU
		{9C85F1AE-2FCA-48AF-AF9A-269DB8E5EE5C}.Debug|Any CPU.ActiveCfg = Debug|Any CPU
		{9C85F1AE-2FCA-48AF-AF9A-269DB8E5EE5C}.Debug|Any CPU.Build.0 = Debug|Any CPU
		{9C85F1AE-2FCA-48AF-AF9A-269DB8E5EE5C}.Debug|x64.ActiveCfg = Debug|Any CPU
		{9C85F1AE-2FCA-48AF-AF9A-269DB8E5EE5C}.Debug|x64.Build.0 = Debug|Any CPU
		{9C85F1AE-2FCA-48AF-AF9A-269DB8E5EE5C}.Debug|x86.ActiveCfg = Debug|Any CPU
		{9C85F1AE-2FCA-48AF-AF9A-269DB8E5EE5C}.Debug|x86.Build.0 = Debug|Any CPU
		{9C85F1AE-2FCA-48AF-AF9A-269DB8E5EE5C}.Release|Any CPU.ActiveCfg = Release|Any CPU
		{9C85F1AE-2FCA-48AF-AF9A-269DB8E5EE5C}.Release|Any CPU.Build.0 = Release|Any CPU
		{9C85F1AE-2FCA-48AF-AF9A-269DB8E5EE5C}.Release|x64.ActiveCfg = Release|Any CPU
		{9C85F1AE-2FCA-48AF-AF9A-269DB8E5EE5C}.Release|x64.Build.0 = Release|Any CPU
		{9C85F1AE-2FCA-48AF-AF9A-269DB8E5EE5C}.Release|x86.ActiveCfg = Release|Any CPU
		{9C85F1AE-2FCA-48AF-AF9A-269DB8E5EE5C}.Release|x86.Build.0 = Release|Any CPU
		{9C2F9145-316F-4CE2-9897-EE9D57A6A3A4}.Debug|Any CPU.ActiveCfg = Debug|Any CPU
		{9C2F9145-316F-4CE2-9897-EE9D57A6A3A4}.Debug|Any CPU.Build.0 = Debug|Any CPU
		{9C2F9145-316F-4CE2-9897-EE9D57A6A3A4}.Debug|x64.ActiveCfg = Debug|Any CPU
		{9C2F9145-316F-4CE2-9897-EE9D57A6A3A4}.Debug|x64.Build.0 = Debug|Any CPU
		{9C2F9145-316F-4CE2-9897-EE9D57A6A3A4}.Debug|x86.ActiveCfg = Debug|Any CPU
		{9C2F9145-316F-4CE2-9897-EE9D57A6A3A4}.Debug|x86.Build.0 = Debug|Any CPU
		{9C2F9145-316F-4CE2-9897-EE9D57A6A3A4}.Release|Any CPU.ActiveCfg = Release|Any CPU
		{9C2F9145-316F-4CE2-9897-EE9D57A6A3A4}.Release|Any CPU.Build.0 = Release|Any CPU
		{9C2F9145-316F-4CE2-9897-EE9D57A6A3A4}.Release|x64.ActiveCfg = Release|Any CPU
		{9C2F9145-316F-4CE2-9897-EE9D57A6A3A4}.Release|x64.Build.0 = Release|Any CPU
		{9C2F9145-316F-4CE2-9897-EE9D57A6A3A4}.Release|x86.ActiveCfg = Release|Any CPU
		{9C2F9145-316F-4CE2-9897-EE9D57A6A3A4}.Release|x86.Build.0 = Release|Any CPU
		{2BC7389D-32FE-4B53-8C0D-A1CAA7947161}.Debug|Any CPU.ActiveCfg = Debug|Any CPU
		{2BC7389D-32FE-4B53-8C0D-A1CAA7947161}.Debug|Any CPU.Build.0 = Debug|Any CPU
		{2BC7389D-32FE-4B53-8C0D-A1CAA7947161}.Debug|x64.ActiveCfg = Debug|Any CPU
		{2BC7389D-32FE-4B53-8C0D-A1CAA7947161}.Debug|x64.Build.0 = Debug|Any CPU
		{2BC7389D-32FE-4B53-8C0D-A1CAA7947161}.Debug|x86.ActiveCfg = Debug|Any CPU
		{2BC7389D-32FE-4B53-8C0D-A1CAA7947161}.Debug|x86.Build.0 = Debug|Any CPU
		{2BC7389D-32FE-4B53-8C0D-A1CAA7947161}.Release|Any CPU.ActiveCfg = Release|Any CPU
		{2BC7389D-32FE-4B53-8C0D-A1CAA7947161}.Release|Any CPU.Build.0 = Release|Any CPU
		{2BC7389D-32FE-4B53-8C0D-A1CAA7947161}.Release|x64.ActiveCfg = Release|Any CPU
		{2BC7389D-32FE-4B53-8C0D-A1CAA7947161}.Release|x64.Build.0 = Release|Any CPU
		{2BC7389D-32FE-4B53-8C0D-A1CAA7947161}.Release|x86.ActiveCfg = Release|Any CPU
		{2BC7389D-32FE-4B53-8C0D-A1CAA7947161}.Release|x86.Build.0 = Release|Any CPU
		{75819C1C-712E-4B1C-9245-5486E27AE686}.Debug|Any CPU.ActiveCfg = Debug|Any CPU
		{75819C1C-712E-4B1C-9245-5486E27AE686}.Debug|Any CPU.Build.0 = Debug|Any CPU
		{75819C1C-712E-4B1C-9245-5486E27AE686}.Debug|x64.ActiveCfg = Debug|Any CPU
		{75819C1C-712E-4B1C-9245-5486E27AE686}.Debug|x64.Build.0 = Debug|Any CPU
		{75819C1C-712E-4B1C-9245-5486E27AE686}.Debug|x86.ActiveCfg = Debug|Any CPU
		{75819C1C-712E-4B1C-9245-5486E27AE686}.Debug|x86.Build.0 = Debug|Any CPU
		{75819C1C-712E-4B1C-9245-5486E27AE686}.Release|Any CPU.ActiveCfg = Release|Any CPU
		{75819C1C-712E-4B1C-9245-5486E27AE686}.Release|Any CPU.Build.0 = Release|Any CPU
		{75819C1C-712E-4B1C-9245-5486E27AE686}.Release|x64.ActiveCfg = Release|Any CPU
		{75819C1C-712E-4B1C-9245-5486E27AE686}.Release|x64.Build.0 = Release|Any CPU
		{75819C1C-712E-4B1C-9245-5486E27AE686}.Release|x86.ActiveCfg = Release|Any CPU
		{75819C1C-712E-4B1C-9245-5486E27AE686}.Release|x86.Build.0 = Release|Any CPU
		{1B0F0190-DD0F-4EDF-AA86-AD1FAF7AFDE7}.Debug|Any CPU.ActiveCfg = Debug|Any CPU
		{1B0F0190-DD0F-4EDF-AA86-AD1FAF7AFDE7}.Debug|Any CPU.Build.0 = Debug|Any CPU
		{1B0F0190-DD0F-4EDF-AA86-AD1FAF7AFDE7}.Debug|x64.ActiveCfg = Debug|Any CPU
		{1B0F0190-DD0F-4EDF-AA86-AD1FAF7AFDE7}.Debug|x64.Build.0 = Debug|Any CPU
		{1B0F0190-DD0F-4EDF-AA86-AD1FAF7AFDE7}.Debug|x86.ActiveCfg = Debug|Any CPU
		{1B0F0190-DD0F-4EDF-AA86-AD1FAF7AFDE7}.Debug|x86.Build.0 = Debug|Any CPU
		{1B0F0190-DD0F-4EDF-AA86-AD1FAF7AFDE7}.Release|Any CPU.ActiveCfg = Release|Any CPU
		{1B0F0190-DD0F-4EDF-AA86-AD1FAF7AFDE7}.Release|Any CPU.Build.0 = Release|Any CPU
		{1B0F0190-DD0F-4EDF-AA86-AD1FAF7AFDE7}.Release|x64.ActiveCfg = Release|Any CPU
		{1B0F0190-DD0F-4EDF-AA86-AD1FAF7AFDE7}.Release|x64.Build.0 = Release|Any CPU
		{1B0F0190-DD0F-4EDF-AA86-AD1FAF7AFDE7}.Release|x86.ActiveCfg = Release|Any CPU
		{1B0F0190-DD0F-4EDF-AA86-AD1FAF7AFDE7}.Release|x86.Build.0 = Release|Any CPU
		{65B038EE-6163-406D-9985-5593A5DEA91B}.Debug|Any CPU.ActiveCfg = Debug|Any CPU
		{65B038EE-6163-406D-9985-5593A5DEA91B}.Debug|Any CPU.Build.0 = Debug|Any CPU
		{65B038EE-6163-406D-9985-5593A5DEA91B}.Debug|x64.ActiveCfg = Debug|Any CPU
		{65B038EE-6163-406D-9985-5593A5DEA91B}.Debug|x64.Build.0 = Debug|Any CPU
		{65B038EE-6163-406D-9985-5593A5DEA91B}.Debug|x86.ActiveCfg = Debug|Any CPU
		{65B038EE-6163-406D-9985-5593A5DEA91B}.Debug|x86.Build.0 = Debug|Any CPU
		{65B038EE-6163-406D-9985-5593A5DEA91B}.Release|Any CPU.ActiveCfg = Release|Any CPU
		{65B038EE-6163-406D-9985-5593A5DEA91B}.Release|Any CPU.Build.0 = Release|Any CPU
		{65B038EE-6163-406D-9985-5593A5DEA91B}.Release|x64.ActiveCfg = Release|Any CPU
		{65B038EE-6163-406D-9985-5593A5DEA91B}.Release|x64.Build.0 = Release|Any CPU
		{65B038EE-6163-406D-9985-5593A5DEA91B}.Release|x86.ActiveCfg = Release|Any CPU
		{65B038EE-6163-406D-9985-5593A5DEA91B}.Release|x86.Build.0 = Release|Any CPU
		{76F1EBAB-F257-4D7D-A94F-B052BF2FE762}.Debug|Any CPU.ActiveCfg = Debug|Any CPU
		{76F1EBAB-F257-4D7D-A94F-B052BF2FE762}.Debug|Any CPU.Build.0 = Debug|Any CPU
		{76F1EBAB-F257-4D7D-A94F-B052BF2FE762}.Debug|x64.ActiveCfg = Debug|Any CPU
		{76F1EBAB-F257-4D7D-A94F-B052BF2FE762}.Debug|x64.Build.0 = Debug|Any CPU
		{76F1EBAB-F257-4D7D-A94F-B052BF2FE762}.Debug|x86.ActiveCfg = Debug|Any CPU
		{76F1EBAB-F257-4D7D-A94F-B052BF2FE762}.Debug|x86.Build.0 = Debug|Any CPU
		{76F1EBAB-F257-4D7D-A94F-B052BF2FE762}.Release|Any CPU.ActiveCfg = Release|Any CPU
		{76F1EBAB-F257-4D7D-A94F-B052BF2FE762}.Release|Any CPU.Build.0 = Release|Any CPU
		{76F1EBAB-F257-4D7D-A94F-B052BF2FE762}.Release|x64.ActiveCfg = Release|Any CPU
		{76F1EBAB-F257-4D7D-A94F-B052BF2FE762}.Release|x64.Build.0 = Release|Any CPU
		{76F1EBAB-F257-4D7D-A94F-B052BF2FE762}.Release|x86.ActiveCfg = Release|Any CPU
		{76F1EBAB-F257-4D7D-A94F-B052BF2FE762}.Release|x86.Build.0 = Release|Any CPU
		{F6F3C8E4-A68A-45E3-B510-6DFD3FA34E5B}.Debug|Any CPU.ActiveCfg = Debug|Any CPU
		{F6F3C8E4-A68A-45E3-B510-6DFD3FA34E5B}.Debug|Any CPU.Build.0 = Debug|Any CPU
		{F6F3C8E4-A68A-45E3-B510-6DFD3FA34E5B}.Debug|x64.ActiveCfg = Debug|Any CPU
		{F6F3C8E4-A68A-45E3-B510-6DFD3FA34E5B}.Debug|x64.Build.0 = Debug|Any CPU
		{F6F3C8E4-A68A-45E3-B510-6DFD3FA34E5B}.Debug|x86.ActiveCfg = Debug|Any CPU
		{F6F3C8E4-A68A-45E3-B510-6DFD3FA34E5B}.Debug|x86.Build.0 = Debug|Any CPU
		{F6F3C8E4-A68A-45E3-B510-6DFD3FA34E5B}.Release|Any CPU.ActiveCfg = Release|Any CPU
		{F6F3C8E4-A68A-45E3-B510-6DFD3FA34E5B}.Release|Any CPU.Build.0 = Release|Any CPU
		{F6F3C8E4-A68A-45E3-B510-6DFD3FA34E5B}.Release|x64.ActiveCfg = Release|Any CPU
		{F6F3C8E4-A68A-45E3-B510-6DFD3FA34E5B}.Release|x64.Build.0 = Release|Any CPU
		{F6F3C8E4-A68A-45E3-B510-6DFD3FA34E5B}.Release|x86.ActiveCfg = Release|Any CPU
		{F6F3C8E4-A68A-45E3-B510-6DFD3FA34E5B}.Release|x86.Build.0 = Release|Any CPU
		{98137F9C-0986-429F-BD6A-36618E9C75D2}.Debug|Any CPU.ActiveCfg = Debug|Any CPU
		{98137F9C-0986-429F-BD6A-36618E9C75D2}.Debug|Any CPU.Build.0 = Debug|Any CPU
		{98137F9C-0986-429F-BD6A-36618E9C75D2}.Debug|x64.ActiveCfg = Debug|Any CPU
		{98137F9C-0986-429F-BD6A-36618E9C75D2}.Debug|x64.Build.0 = Debug|Any CPU
		{98137F9C-0986-429F-BD6A-36618E9C75D2}.Debug|x86.ActiveCfg = Debug|Any CPU
		{98137F9C-0986-429F-BD6A-36618E9C75D2}.Debug|x86.Build.0 = Debug|Any CPU
		{98137F9C-0986-429F-BD6A-36618E9C75D2}.Release|Any CPU.ActiveCfg = Release|Any CPU
		{98137F9C-0986-429F-BD6A-36618E9C75D2}.Release|Any CPU.Build.0 = Release|Any CPU
		{98137F9C-0986-429F-BD6A-36618E9C75D2}.Release|x64.ActiveCfg = Release|Any CPU
		{98137F9C-0986-429F-BD6A-36618E9C75D2}.Release|x64.Build.0 = Release|Any CPU
		{98137F9C-0986-429F-BD6A-36618E9C75D2}.Release|x86.ActiveCfg = Release|Any CPU
		{98137F9C-0986-429F-BD6A-36618E9C75D2}.Release|x86.Build.0 = Release|Any CPU
		{2F89CC05-A140-4187-8993-A232EE5E1257}.Debug|Any CPU.ActiveCfg = Debug|Any CPU
		{2F89CC05-A140-4187-8993-A232EE5E1257}.Debug|Any CPU.Build.0 = Debug|Any CPU
		{2F89CC05-A140-4187-8993-A232EE5E1257}.Debug|x64.ActiveCfg = Debug|Any CPU
		{2F89CC05-A140-4187-8993-A232EE5E1257}.Debug|x64.Build.0 = Debug|Any CPU
		{2F89CC05-A140-4187-8993-A232EE5E1257}.Debug|x86.ActiveCfg = Debug|Any CPU
		{2F89CC05-A140-4187-8993-A232EE5E1257}.Debug|x86.Build.0 = Debug|Any CPU
		{2F89CC05-A140-4187-8993-A232EE5E1257}.Release|Any CPU.ActiveCfg = Release|Any CPU
		{2F89CC05-A140-4187-8993-A232EE5E1257}.Release|Any CPU.Build.0 = Release|Any CPU
		{2F89CC05-A140-4187-8993-A232EE5E1257}.Release|x64.ActiveCfg = Release|Any CPU
		{2F89CC05-A140-4187-8993-A232EE5E1257}.Release|x64.Build.0 = Release|Any CPU
		{2F89CC05-A140-4187-8993-A232EE5E1257}.Release|x86.ActiveCfg = Release|Any CPU
		{2F89CC05-A140-4187-8993-A232EE5E1257}.Release|x86.Build.0 = Release|Any CPU
	EndGlobalSection
	GlobalSection(SolutionProperties) = preSolution
		HideSolutionNode = FALSE
	EndGlobalSection
	GlobalSection(NestedProjects) = preSolution
		{1B0F0190-DD0F-4EDF-AA86-AD1FAF7AFDE7} = {A66D8381-E1F4-448E-A343-6CC5ADED9635}
		{F6F3C8E4-A68A-45E3-B510-6DFD3FA34E5B} = {6314CECC-4028-417C-880E-23F4208F9CA9}
		{74EFD5EA-D951-4EDD-B0A2-4990B161BDB9} = {47E7F61A-0F63-402E-9995-5D206DF5B7DD}
		{2F89CC05-A140-4187-8993-A232EE5E1257} = {74EFD5EA-D951-4EDD-B0A2-4990B161BDB9}
	EndGlobalSection
	GlobalSection(ExtensibilityGlobals) = postSolution
		SolutionGuid = {EA895995-95EA-4F0F-B185-BB5D8A62FF87}
	EndGlobalSection
EndGlobal
